// !$*UTF8*$!
{
	archiveVersion = 1;
	classes = {
	};
	objectVersion = 46;
	objects = {

/* Begin PBXBuildFile section */
		148FA04216916A511DDA3083 /* TextView.m in Sources */ = {isa = PBXBuildFile; fileRef = 148FAB88D118D36A83F44679 /* TextView.m */; };
		148FA21799F07CF24D72AE32 /* KeyboardLettersExtension.m in Sources */ = {isa = PBXBuildFile; fileRef = 148FA8B1DB8A2C96E971271C /* KeyboardLettersExtension.m */; };
		148FAEBB21CD41700514C553 /* TextViewAppearancePopoverViewController.m in Sources */ = {isa = PBXBuildFile; fileRef = 148FAD537AB9872B7FD82DDD /* TextViewAppearancePopoverViewController.m */; };
		148FAEFC823685FA773F3FE3 /* KeyboardSearchExtension.m in Sources */ = {isa = PBXBuildFile; fileRef = 148FAED9B3306D432C8226DD /* KeyboardSearchExtension.m */; };
		4004944A18ED55A0000DC4B5 /* HistoryController.m in Sources */ = {isa = PBXBuildFile; fileRef = 4004944918ED55A0000DC4B5 /* HistoryController.m */; };
		4004BA4718ED8CD100E98D9F /* HistoryPageContentController.m in Sources */ = {isa = PBXBuildFile; fileRef = 4004BA4618ED8CD100E98D9F /* HistoryPageContentController.m */; };
		4013BBBA18EB00A800810653 /* Photo.m in Sources */ = {isa = PBXBuildFile; fileRef = 4013BBB918EB00A800810653 /* Photo.m */; };
		4013BBBD18EB00A800810653 /* Record.m in Sources */ = {isa = PBXBuildFile; fileRef = 4013BBBC18EB00A800810653 /* Record.m */; };
		4013BBC018EB00A900810653 /* History.m in Sources */ = {isa = PBXBuildFile; fileRef = 4013BBBF18EB00A900810653 /* History.m */; };
		4013BBC918EB36C500810653 /* NSDate-Utilities.m in Sources */ = {isa = PBXBuildFile; fileRef = 4013BBC818EB36C500810653 /* NSDate-Utilities.m */; };
		4013BBCD18EB3DB900810653 /* RecordsItemCell.m in Sources */ = {isa = PBXBuildFile; fileRef = 4013BBCC18EB3DB900810653 /* RecordsItemCell.m */; };
		4049019C18EBBDF9000B1968 /* RecordsItemCellNoTitle.m in Sources */ = {isa = PBXBuildFile; fileRef = 4049019B18EBBDF9000B1968 /* RecordsItemCellNoTitle.m */; };
		4058F39819019E0900AD7786 /* Images.xcassets in Resources */ = {isa = PBXBuildFile; fileRef = 4058F39719019E0900AD7786 /* Images.xcassets */; };
		407517021913534B005E181F /* VKontakteActivity.m in Sources */ = {isa = PBXBuildFile; fileRef = 407517001913534B005E181F /* VKontakteActivity.m */; };
		40A406091930DC2B009CBA3A /* PhotosCollectionCell.m in Sources */ = {isa = PBXBuildFile; fileRef = 40A406081930DC2B009CBA3A /* PhotosCollectionCell.m */; };
		40AA1D011955DE1A00CC2277 /* MobileCoreServices.framework in Frameworks */ = {isa = PBXBuildFile; fileRef = 40AA1D001955DE1A00CC2277 /* MobileCoreServices.framework */; };
		40DE4E5F192132260044A5EC /* RecordTextEditorController.m in Sources */ = {isa = PBXBuildFile; fileRef = 40DE4E5E192132260044A5EC /* RecordTextEditorController.m */; };
		40DE4E62192145BB0044A5EC /* RecordSearchController.m in Sources */ = {isa = PBXBuildFile; fileRef = 40DE4E61192145BB0044A5EC /* RecordSearchController.m */; };
		40ED40A818EAEAC50003B099 /* Foundation.framework in Frameworks */ = {isa = PBXBuildFile; fileRef = 40ED40A718EAEAC50003B099 /* Foundation.framework */; };
		40ED40AA18EAEAC50003B099 /* CoreGraphics.framework in Frameworks */ = {isa = PBXBuildFile; fileRef = 40ED40A918EAEAC50003B099 /* CoreGraphics.framework */; };
		40ED40AC18EAEAC50003B099 /* UIKit.framework in Frameworks */ = {isa = PBXBuildFile; fileRef = 40ED40AB18EAEAC50003B099 /* UIKit.framework */; };
		40ED40AE18EAEAC50003B099 /* CoreData.framework in Frameworks */ = {isa = PBXBuildFile; fileRef = 40ED40AD18EAEAC50003B099 /* CoreData.framework */; };
		40ED40B618EAEAC50003B099 /* main.m in Sources */ = {isa = PBXBuildFile; fileRef = 40ED40B518EAEAC50003B099 /* main.m */; };
		40ED40BD18EAEAC50003B099 /* Main.storyboard in Resources */ = {isa = PBXBuildFile; fileRef = 40ED40BB18EAEAC50003B099 /* Main.storyboard */; };
		40ED40C018EAEAC50003B099 /* Notes.xcdatamodeld in Sources */ = {isa = PBXBuildFile; fileRef = 40ED40BE18EAEAC50003B099 /* Notes.xcdatamodeld */; };
		40ED40C318EAEAC50003B099 /* RecordsController.m in Sources */ = {isa = PBXBuildFile; fileRef = 40ED40C218EAEAC50003B099 /* RecordsController.m */; };
		40ED40C618EAEAC50003B099 /* RecordPreviewController.m in Sources */ = {isa = PBXBuildFile; fileRef = 40ED40C518EAEAC50003B099 /* RecordPreviewController.m */; };
		40ED40CF18EAEAC50003B099 /* XCTest.framework in Frameworks */ = {isa = PBXBuildFile; fileRef = 40ED40CE18EAEAC50003B099 /* XCTest.framework */; };
		40ED40D018EAEAC50003B099 /* Foundation.framework in Frameworks */ = {isa = PBXBuildFile; fileRef = 40ED40A718EAEAC50003B099 /* Foundation.framework */; };
		40ED40D118EAEAC50003B099 /* UIKit.framework in Frameworks */ = {isa = PBXBuildFile; fileRef = 40ED40AB18EAEAC50003B099 /* UIKit.framework */; };
		40ED40D218EAEAC50003B099 /* CoreData.framework in Frameworks */ = {isa = PBXBuildFile; fileRef = 40ED40AD18EAEAC50003B099 /* CoreData.framework */; };
		40ED40DC18EAEAC50003B099 /* NotesTests.m in Sources */ = {isa = PBXBuildFile; fileRef = 40ED40DB18EAEAC50003B099 /* NotesTests.m */; };
		40F208C3191FEF9800B798FB /* Localizable.strings in Resources */ = {isa = PBXBuildFile; fileRef = 40F208C5191FEF9800B798FB /* Localizable.strings */; };
		40F84D1A194DE99700F1A672 /* Views.xib in Resources */ = {isa = PBXBuildFile; fileRef = 40F84D19194DE99700F1A672 /* Views.xib */; };
		8095D019B13EE7BA39A4B5F7 /* UIImage+WebP.m in Sources */ = {isa = PBXBuildFile; fileRef = 8095D0316D7A37549CCCB473 /* UIImage+WebP.m */; };
		8095D05E9236CDEB34FC97E7 /* ImageSelectedOn@2x.png in Resources */ = {isa = PBXBuildFile; fileRef = 8095D211FB08806289942E54 /* ImageSelectedOn@2x.png */; };
		8095D0B68F9F189BFF7FECA6 /* UIImageView+WebCache.m in Sources */ = {isa = PBXBuildFile; fileRef = 8095DA8DD8D211116FB71AF4 /* UIImageView+WebCache.m */; };
		8095D0C04BFF2DF0F2FE608D /* ImageSelectedSmallOn.png in Resources */ = {isa = PBXBuildFile; fileRef = 8095D79D31A9C7F592D6BA50 /* ImageSelectedSmallOn.png */; };
		8095D0CB3C49EA5B983FFE85 /* Checkmark@2x.png in Resources */ = {isa = PBXBuildFile; fileRef = 8095D977907868B48A695B50 /* Checkmark@2x.png */; };
		8095D12B2060433FC6DC6E8B /* MWGridCell.m in Sources */ = {isa = PBXBuildFile; fileRef = 8095D69C90FD694FCFC4D372 /* MWGridCell.m */; };
		8095D14434B383F4B5655EF2 /* PSTCollectionViewFlowLayout.m in Sources */ = {isa = PBXBuildFile; fileRef = 8095D44E0CEE341C2145527C /* PSTCollectionViewFlowLayout.m */; };
		8095D170718A1E1491410AB5 /* MWPhoto.m in Sources */ = {isa = PBXBuildFile; fileRef = 8095D1B63A1A73D898B44878 /* MWPhoto.m */; };
		8095D17260EBB917C7B53977 /* SDWebImageManager.m in Sources */ = {isa = PBXBuildFile; fileRef = 8095DBB9F3923456A725980F /* SDWebImageManager.m */; };
		8095D1795940B61781285FB9 /* MKAnnotationView+WebCache.m in Sources */ = {isa = PBXBuildFile; fileRef = 8095D6201D0B35E4984AC53F /* MKAnnotationView+WebCache.m */; };
		8095D214B33847E9C78A1FD7 /* CopyAllActivity.m in Sources */ = {isa = PBXBuildFile; fileRef = 8095DABD7DF9F7236ABE71E2 /* CopyAllActivity.m */; };
		8095D2368AE4739024673F1E /* PSTGridLayoutSection.m in Sources */ = {isa = PBXBuildFile; fileRef = 8095D657D04A2A9C8E14FF4E /* PSTGridLayoutSection.m */; };
		8095D28E5C8339D30BBC5C30 /* ImageSelectedSmallOff.png in Resources */ = {isa = PBXBuildFile; fileRef = 8095D35C47394614B96EAE04 /* ImageSelectedSmallOff.png */; };
		8095D29840C036C657C05740 /* CopyTextOnlyActivity.m in Sources */ = {isa = PBXBuildFile; fileRef = 8095D1D7B11A2C3CB333CA33 /* CopyTextOnlyActivity.m */; };
		8095D3CDBFBEC593EEE6E676 /* PSTCollectionViewLayout.m in Sources */ = {isa = PBXBuildFile; fileRef = 8095DFFD62D4D12AA5768558 /* PSTCollectionViewLayout.m */; };
		8095D406C04783C14C1C443C /* ImageSelectedOn.png in Resources */ = {isa = PBXBuildFile; fileRef = 8095D15F1D90666BC1A6E1A7 /* ImageSelectedOn.png */; };
		8095D40ECC41002F569CA68C /* Checkmark.png in Resources */ = {isa = PBXBuildFile; fileRef = 8095DE99FFCCD85FA8915ABE /* Checkmark.png */; };
		8095D419CDB9CF153EF38E0E /* ImageError.png in Resources */ = {isa = PBXBuildFile; fileRef = 8095D02D9C74E3C6FB496950 /* ImageError.png */; };
		8095D465BF32A3C3DFD9B08E /* MWTapDetectingView.m in Sources */ = {isa = PBXBuildFile; fileRef = 8095D1B299D8229BFF6C8CEE /* MWTapDetectingView.m */; };
		8095D46858166D114298D684 /* PSTGridLayoutRow.m in Sources */ = {isa = PBXBuildFile; fileRef = 8095D8D728D12AFF163CC7F9 /* PSTGridLayoutRow.m */; };
		8095D4829F4C2FACCCE35027 /* Podfile in Resources */ = {isa = PBXBuildFile; fileRef = 8095D929F23932B7B4CE781A /* Podfile */; };
		8095D4CF5907B86F1602C410 /* SDWebImagePrefetcher.m in Sources */ = {isa = PBXBuildFile; fileRef = 8095D604BE5F432E8B42680E /* SDWebImagePrefetcher.m */; };
		8095D4F73068536380AA6F3B /* PSTCollectionViewCell.m in Sources */ = {isa = PBXBuildFile; fileRef = 8095D682FC3A0F46DC9B0781 /* PSTCollectionViewCell.m */; };
		8095D5182769930AAE7E50DB /* SDWebImageDecoder.m in Sources */ = {isa = PBXBuildFile; fileRef = 8095D3A22D1902E916C10A5A /* SDWebImageDecoder.m */; };
		8095D589C88100D864A7C400 /* ImageSelectedSmallOn@2x.png in Resources */ = {isa = PBXBuildFile; fileRef = 8095D5B92D8084EBC5751798 /* ImageSelectedSmallOn@2x.png */; };
		8095D595F66961C0659F785E /* README.md in Resources */ = {isa = PBXBuildFile; fileRef = 8095D37136789466431D352D /* README.md */; };
		8095D5AFA14109ACB4CA81F4 /* NSIndexPath+PSTCollectionViewAdditions.m in Sources */ = {isa = PBXBuildFile; fileRef = 8095D77BA3BE00E6710524BF /* NSIndexPath+PSTCollectionViewAdditions.m */; };
		8095D5E297E849341EED269B /* SDWebImageDownloaderOperation.m in Sources */ = {isa = PBXBuildFile; fileRef = 8095D3A6264544BDA0F78A3E /* SDWebImageDownloaderOperation.m */; };
		8095D606BE4CFEEBCC8E9FFD /* UIImage+MultiFormat.m in Sources */ = {isa = PBXBuildFile; fileRef = 8095DB447B3C3AD21787E42D /* UIImage+MultiFormat.m */; };
		8095D6272896827A4DB0CBAB /* PSTCollectionView.m in Sources */ = {isa = PBXBuildFile; fileRef = 8095D4815FB09F7D0E142693 /* PSTCollectionView.m */; };
		8095D681F7F76CA400E1EE1E /* UIBarButtonItemArrowLeft.png in Resources */ = {isa = PBXBuildFile; fileRef = 8095D25926C9A801B75AC177 /* UIBarButtonItemArrowLeft.png */; };
		8095D7545C9641C2BA0D0E34 /* MWGridViewController.m in Sources */ = {isa = PBXBuildFile; fileRef = 8095D04D780DE1FE2992181E /* MWGridViewController.m */; };
		8095D7840A186368C1BC99DC /* DACircularProgressView.m in Sources */ = {isa = PBXBuildFile; fileRef = 8095D1CB5A3F5E8D4F552BAA /* DACircularProgressView.m */; };
		8095D850460F9E6756732950 /* ImageSelectedSmallOff@2x.png in Resources */ = {isa = PBXBuildFile; fileRef = 8095DFC7DFE88D595C94BEF7 /* ImageSelectedSmallOff@2x.png */; };
		8095D8856B82FACE0AA90693 /* UIBarButtonItemGrid.png in Resources */ = {isa = PBXBuildFile; fileRef = 8095D24C41159A1503B99F4E /* UIBarButtonItemGrid.png */; };
		8095D8AEC62DE27C87B7B6B3 /* UIBarButtonItemArrowOutlineRight@2x.png in Resources */ = {isa = PBXBuildFile; fileRef = 8095D5B677DC64AB76799DA3 /* UIBarButtonItemArrowOutlineRight@2x.png */; };
		8095D8C3370D435299B878D5 /* NSData+GIF.m in Sources */ = {isa = PBXBuildFile; fileRef = 8095DFAA8DC3F906E3DB450E /* NSData+GIF.m */; };
		8095D8E9F5BA4E07FF52FD85 /* UIImage+GIF.m in Sources */ = {isa = PBXBuildFile; fileRef = 8095D81BC78766DE99076C9A /* UIImage+GIF.m */; };
		8095D8FDC1D804720EFBD909 /* SDWebImageCompat.m in Sources */ = {isa = PBXBuildFile; fileRef = 8095DB9FFC5C11DACE943150 /* SDWebImageCompat.m */; };
		8095D95F7BD02D69DAC278D6 /* PSTCollectionViewController.m in Sources */ = {isa = PBXBuildFile; fileRef = 8095D9283A4B053BB9C59728 /* PSTCollectionViewController.m */; };
		8095D9D002A60378BC91FB05 /* Appearance.m in Sources */ = {isa = PBXBuildFile; fileRef = 8095D513FC60DE21BE32811A /* Appearance.m */; };
		8095D9D026C8FCE33E6AC166 /* ImageError@2x.png in Resources */ = {isa = PBXBuildFile; fileRef = 8095DF0C823E8770197E9BF1 /* ImageError@2x.png */; };
		8095DA00A122643B4591442F /* UIBarButtonItemArrowOutlineLeft.png in Resources */ = {isa = PBXBuildFile; fileRef = 8095DFC3FAD7213AA655DFC7 /* UIBarButtonItemArrowOutlineLeft.png */; };
		8095DA1655355482CF442B9D /* UIBarButtonItemArrowRight@2x.png in Resources */ = {isa = PBXBuildFile; fileRef = 8095D0202E1AC94687D5EBBC /* UIBarButtonItemArrowRight@2x.png */; };
		8095DA9A0C29FD565F3AD829 /* PSTGridLayoutItem.m in Sources */ = {isa = PBXBuildFile; fileRef = 8095DBDEBE6DF48FEE8C1ED0 /* PSTGridLayoutItem.m */; };
		8095DABEF4FB9F023C406200 /* MWCaptionView.m in Sources */ = {isa = PBXBuildFile; fileRef = 8095D192647C1800CAF8E45C /* MWCaptionView.m */; };
		8095DACEEBBD3CF6B6FC18E8 /* ImageSelectedOff@2x.png in Resources */ = {isa = PBXBuildFile; fileRef = 8095DD67704964786F854916 /* ImageSelectedOff@2x.png */; };
		8095DAE98A60903F2336977E /* UIImage+Resize.m in Sources */ = {isa = PBXBuildFile; fileRef = 8095D8B7F77C18856B291634 /* UIImage+Resize.m */; };
		8095DB0017F4D8ECA893C37C /* ImageSelectedOff.png in Resources */ = {isa = PBXBuildFile; fileRef = 8095DFE3F039BFCFAC0F0425 /* ImageSelectedOff.png */; };
		8095DB348DA2BC03E11565A6 /* UIBarButtonItemArrowRight.png in Resources */ = {isa = PBXBuildFile; fileRef = 8095D1014A0E7492005C9521 /* UIBarButtonItemArrowRight.png */; };
		8095DB35113B7A7CC05C574A /* SDWebImageDownloader.m in Sources */ = {isa = PBXBuildFile; fileRef = 8095D9B4A124239EC74F983C /* SDWebImageDownloader.m */; };
		8095DB3D8242BAEC69A0568A /* LICENSE in Resources */ = {isa = PBXBuildFile; fileRef = 8095D5D64BAD05B163096722 /* LICENSE */; };
		8095DB498837A270A1BFF0C5 /* NSData+ImageContentType.m in Sources */ = {isa = PBXBuildFile; fileRef = 8095DEEB81AD84814B02F38E /* NSData+ImageContentType.m */; };
		8095DB9C76CC55BEA298B2F1 /* UIBarButtonItemArrowOutlineRight.png in Resources */ = {isa = PBXBuildFile; fileRef = 8095D7944D55DFF2C3614041 /* UIBarButtonItemArrowOutlineRight.png */; };
		8095DB9C79F663C2817534F8 /* MWTapDetectingImageView.m in Sources */ = {isa = PBXBuildFile; fileRef = 8095DE579D69013336D168F3 /* MWTapDetectingImageView.m */; };
		8095DBF4FDDB138EEA2CB5F2 /* AppDelegate.m in Sources */ = {isa = PBXBuildFile; fileRef = 8095DB24A5D1A14E6F25E68D /* AppDelegate.m */; };
		8095DC38FFBCE9B44BE272D5 /* UIBarButtonItemArrowOutlineLeft@2x.png in Resources */ = {isa = PBXBuildFile; fileRef = 8095D3E466CB96FAF859299C /* UIBarButtonItemArrowOutlineLeft@2x.png */; };
		8095DC69741AE17F4689B834 /* PSTGridLayoutInfo.m in Sources */ = {isa = PBXBuildFile; fileRef = 8095D8DCE42A92EB01EFAE44 /* PSTGridLayoutInfo.m */; };
		8095DCA422F8498FFFBB571C /* MWPhotoBrowser.m in Sources */ = {isa = PBXBuildFile; fileRef = 8095D4506C2E1472A9ECA15F /* MWPhotoBrowser.m */; };
		8095DCA61F3FDB872E177FC8 /* UIBarButtonItemArrowLeft@2x.png in Resources */ = {isa = PBXBuildFile; fileRef = 8095D1B9325B6571C8B11FD3 /* UIBarButtonItemArrowLeft@2x.png */; };
		8095DDB1CA20DD7302C6CB86 /* UIBarButtonItemGridiOS6@2x.png in Resources */ = {isa = PBXBuildFile; fileRef = 8095DB564964834B2169974A /* UIBarButtonItemGridiOS6@2x.png */; };
		8095DE29E576EA9F19611347 /* PSTCollectionViewItemKey.m in Sources */ = {isa = PBXBuildFile; fileRef = 8095DF161F67F7E5E19F0CC2 /* PSTCollectionViewItemKey.m */; };
		8095DE3EE6A13766B9692CEA /* MWZoomingScrollView.m in Sources */ = {isa = PBXBuildFile; fileRef = 8095D7B8E5040C680D881AA3 /* MWZoomingScrollView.m */; };
		8095DE66F58A634E95072A79 /* PSTCollectionViewUpdateItem.m in Sources */ = {isa = PBXBuildFile; fileRef = 8095D071DDAD92C9BABAAEEC /* PSTCollectionViewUpdateItem.m */; };
		8095DE7399AAE65989B04E80 /* Preferences.m in Sources */ = {isa = PBXBuildFile; fileRef = 8095D7597353DECEE5DB0D76 /* Preferences.m */; };
		8095DED60CD92BE705C3DB09 /* UIButton+WebCache.m in Sources */ = {isa = PBXBuildFile; fileRef = 8095DA90DCDB3BBAC77286D6 /* UIButton+WebCache.m */; };
		8095DF24C62CD178F00436A0 /* SDImageCache.m in Sources */ = {isa = PBXBuildFile; fileRef = 8095D31B55D20F29D7BFCF98 /* SDImageCache.m */; };
		8095DF2F03031C1F8CB0A7DF /* PSTCollectionViewData.m in Sources */ = {isa = PBXBuildFile; fileRef = 8095D0B04AF28C7F6B6F95A9 /* PSTCollectionViewData.m */; };
		8095DF52C910D72F7318C175 /* UIBarButtonItemGridiOS6.png in Resources */ = {isa = PBXBuildFile; fileRef = 8095D373DCAB8DE433FCAC67 /* UIBarButtonItemGridiOS6.png */; };
		8095DF69D7B0499E67CF7FE8 /* UIBarButtonItemGrid@2x.png in Resources */ = {isa = PBXBuildFile; fileRef = 8095DCEBA89F0BA995B227BD /* UIBarButtonItemGrid@2x.png */; };
		DB0F3FFF18FFB8730064EC67 /* NSString+WordCount.m in Sources */ = {isa = PBXBuildFile; fileRef = DB0F3FFE18FFB8730064EC67 /* NSString+WordCount.m */; };
/* End PBXBuildFile section */

/* Begin PBXContainerItemProxy section */
		40ED40D318EAEAC50003B099 /* PBXContainerItemProxy */ = {
			isa = PBXContainerItemProxy;
			containerPortal = 40ED409C18EAEAC50003B099 /* Project object */;
			proxyType = 1;
			remoteGlobalIDString = 40ED40A318EAEAC50003B099;
			remoteInfo = Notes;
		};
/* End PBXContainerItemProxy section */

/* Begin PBXFileReference section */
		148FA1CA57C05C81DB6BFE46 /* TextViewAppearancePopoverViewController.h */ = {isa = PBXFileReference; fileEncoding = 4; lastKnownFileType = sourcecode.c.h; path = TextViewAppearancePopoverViewController.h; sourceTree = "<group>"; };
		148FA5BA3D62F403AA93536A /* TextView.h */ = {isa = PBXFileReference; fileEncoding = 4; lastKnownFileType = sourcecode.c.h; path = TextView.h; sourceTree = "<group>"; };
		148FA7DF711531546BA9B393 /* KeyboardSearchExtension.h */ = {isa = PBXFileReference; fileEncoding = 4; lastKnownFileType = sourcecode.c.h; path = KeyboardSearchExtension.h; sourceTree = "<group>"; };
		148FA8B1DB8A2C96E971271C /* KeyboardLettersExtension.m */ = {isa = PBXFileReference; fileEncoding = 4; lastKnownFileType = sourcecode.c.objc; path = KeyboardLettersExtension.m; sourceTree = "<group>"; };
		148FAB88D118D36A83F44679 /* TextView.m */ = {isa = PBXFileReference; fileEncoding = 4; lastKnownFileType = sourcecode.c.objc; path = TextView.m; sourceTree = "<group>"; };
		148FABFF37B51DE5C1D7E538 /* KeyboardLettersExtension.h */ = {isa = PBXFileReference; fileEncoding = 4; lastKnownFileType = sourcecode.c.h; path = KeyboardLettersExtension.h; sourceTree = "<group>"; };
		148FAD537AB9872B7FD82DDD /* TextViewAppearancePopoverViewController.m */ = {isa = PBXFileReference; fileEncoding = 4; lastKnownFileType = sourcecode.c.objc; path = TextViewAppearancePopoverViewController.m; sourceTree = "<group>"; };
		148FAED9B3306D432C8226DD /* KeyboardSearchExtension.m */ = {isa = PBXFileReference; fileEncoding = 4; lastKnownFileType = sourcecode.c.objc; path = KeyboardSearchExtension.m; sourceTree = "<group>"; };
		4004944818ED55A0000DC4B5 /* HistoryController.h */ = {isa = PBXFileReference; fileEncoding = 4; lastKnownFileType = sourcecode.c.h; path = HistoryController.h; sourceTree = "<group>"; };
		4004944918ED55A0000DC4B5 /* HistoryController.m */ = {isa = PBXFileReference; fileEncoding = 4; lastKnownFileType = sourcecode.c.objc; path = HistoryController.m; sourceTree = "<group>"; };
		4004BA4518ED8CD100E98D9F /* HistoryPageContentController.h */ = {isa = PBXFileReference; fileEncoding = 4; lastKnownFileType = sourcecode.c.h; path = HistoryPageContentController.h; sourceTree = "<group>"; };
		4004BA4618ED8CD100E98D9F /* HistoryPageContentController.m */ = {isa = PBXFileReference; fileEncoding = 4; lastKnownFileType = sourcecode.c.objc; path = HistoryPageContentController.m; sourceTree = "<group>"; };
		4013BBB818EB00A800810653 /* Photo.h */ = {isa = PBXFileReference; fileEncoding = 4; lastKnownFileType = sourcecode.c.h; path = Photo.h; sourceTree = "<group>"; };
		4013BBB918EB00A800810653 /* Photo.m */ = {isa = PBXFileReference; fileEncoding = 4; lastKnownFileType = sourcecode.c.objc; path = Photo.m; sourceTree = "<group>"; };
		4013BBBB18EB00A800810653 /* Record.h */ = {isa = PBXFileReference; fileEncoding = 4; lastKnownFileType = sourcecode.c.h; path = Record.h; sourceTree = "<group>"; };
		4013BBBC18EB00A800810653 /* Record.m */ = {isa = PBXFileReference; fileEncoding = 4; lastKnownFileType = sourcecode.c.objc; path = Record.m; sourceTree = "<group>"; };
		4013BBBE18EB00A900810653 /* History.h */ = {isa = PBXFileReference; fileEncoding = 4; lastKnownFileType = sourcecode.c.h; path = History.h; sourceTree = "<group>"; };
		4013BBBF18EB00A900810653 /* History.m */ = {isa = PBXFileReference; fileEncoding = 4; lastKnownFileType = sourcecode.c.objc; path = History.m; sourceTree = "<group>"; };
		4013BBC718EB36C500810653 /* NSDate-Utilities.h */ = {isa = PBXFileReference; fileEncoding = 4; lastKnownFileType = sourcecode.c.h; path = "NSDate-Utilities.h"; sourceTree = "<group>"; };
		4013BBC818EB36C500810653 /* NSDate-Utilities.m */ = {isa = PBXFileReference; fileEncoding = 4; lastKnownFileType = sourcecode.c.objc; path = "NSDate-Utilities.m"; sourceTree = "<group>"; };
		4013BBCB18EB3DB900810653 /* RecordsItemCell.h */ = {isa = PBXFileReference; fileEncoding = 4; lastKnownFileType = sourcecode.c.h; path = RecordsItemCell.h; sourceTree = "<group>"; };
		4013BBCC18EB3DB900810653 /* RecordsItemCell.m */ = {isa = PBXFileReference; fileEncoding = 4; lastKnownFileType = sourcecode.c.objc; path = RecordsItemCell.m; sourceTree = "<group>"; };
		4049019A18EBBDF9000B1968 /* RecordsItemCellNoTitle.h */ = {isa = PBXFileReference; fileEncoding = 4; lastKnownFileType = sourcecode.c.h; path = RecordsItemCellNoTitle.h; sourceTree = "<group>"; };
		4049019B18EBBDF9000B1968 /* RecordsItemCellNoTitle.m */ = {isa = PBXFileReference; fileEncoding = 4; lastKnownFileType = sourcecode.c.objc; path = RecordsItemCellNoTitle.m; sourceTree = "<group>"; };
		4058F39719019E0900AD7786 /* Images.xcassets */ = {isa = PBXFileReference; lastKnownFileType = folder.assetcatalog; path = Images.xcassets; sourceTree = "<group>"; };
		407516FF1913534B005E181F /* VKontakteActivity.h */ = {isa = PBXFileReference; fileEncoding = 4; lastKnownFileType = sourcecode.c.h; path = VKontakteActivity.h; sourceTree = "<group>"; };
		407517001913534B005E181F /* VKontakteActivity.m */ = {isa = PBXFileReference; fileEncoding = 4; lastKnownFileType = sourcecode.c.objc; path = VKontakteActivity.m; sourceTree = "<group>"; };
		40A406071930DC2B009CBA3A /* PhotosCollectionCell.h */ = {isa = PBXFileReference; fileEncoding = 4; lastKnownFileType = sourcecode.c.h; path = PhotosCollectionCell.h; sourceTree = "<group>"; };
		40A406081930DC2B009CBA3A /* PhotosCollectionCell.m */ = {isa = PBXFileReference; fileEncoding = 4; lastKnownFileType = sourcecode.c.objc; path = PhotosCollectionCell.m; sourceTree = "<group>"; };
		40AA1D001955DE1A00CC2277 /* MobileCoreServices.framework */ = {isa = PBXFileReference; lastKnownFileType = wrapper.framework; name = MobileCoreServices.framework; path = System/Library/Frameworks/MobileCoreServices.framework; sourceTree = SDKROOT; };
		40DE4E5D192132260044A5EC /* RecordTextEditorController.h */ = {isa = PBXFileReference; fileEncoding = 4; lastKnownFileType = sourcecode.c.h; path = RecordTextEditorController.h; sourceTree = "<group>"; };
		40DE4E5E192132260044A5EC /* RecordTextEditorController.m */ = {isa = PBXFileReference; fileEncoding = 4; lastKnownFileType = sourcecode.c.objc; path = RecordTextEditorController.m; sourceTree = "<group>"; };
		40DE4E60192145BB0044A5EC /* RecordSearchController.h */ = {isa = PBXFileReference; fileEncoding = 4; lastKnownFileType = sourcecode.c.h; path = RecordSearchController.h; sourceTree = "<group>"; };
		40DE4E61192145BB0044A5EC /* RecordSearchController.m */ = {isa = PBXFileReference; fileEncoding = 4; lastKnownFileType = sourcecode.c.objc; path = RecordSearchController.m; sourceTree = "<group>"; };
		40ED40A418EAEAC50003B099 /* CannyWriter.app */ = {isa = PBXFileReference; explicitFileType = wrapper.application; includeInIndex = 0; path = CannyWriter.app; sourceTree = BUILT_PRODUCTS_DIR; };
		40ED40A718EAEAC50003B099 /* Foundation.framework */ = {isa = PBXFileReference; lastKnownFileType = wrapper.framework; name = Foundation.framework; path = System/Library/Frameworks/Foundation.framework; sourceTree = SDKROOT; };
		40ED40A918EAEAC50003B099 /* CoreGraphics.framework */ = {isa = PBXFileReference; lastKnownFileType = wrapper.framework; name = CoreGraphics.framework; path = System/Library/Frameworks/CoreGraphics.framework; sourceTree = SDKROOT; };
		40ED40AB18EAEAC50003B099 /* UIKit.framework */ = {isa = PBXFileReference; lastKnownFileType = wrapper.framework; name = UIKit.framework; path = System/Library/Frameworks/UIKit.framework; sourceTree = SDKROOT; };
		40ED40AD18EAEAC50003B099 /* CoreData.framework */ = {isa = PBXFileReference; lastKnownFileType = wrapper.framework; name = CoreData.framework; path = System/Library/Frameworks/CoreData.framework; sourceTree = SDKROOT; };
		40ED40B118EAEAC50003B099 /* CannyWriter-Info.plist */ = {isa = PBXFileReference; lastKnownFileType = text.plist.xml; path = "CannyWriter-Info.plist"; sourceTree = "<group>"; };
		40ED40B518EAEAC50003B099 /* main.m */ = {isa = PBXFileReference; lastKnownFileType = sourcecode.c.objc; path = main.m; sourceTree = "<group>"; };
		40ED40B718EAEAC50003B099 /* Notes-Prefix.pch */ = {isa = PBXFileReference; lastKnownFileType = sourcecode.c.h; path = "Notes-Prefix.pch"; sourceTree = "<group>"; };
		40ED40BC18EAEAC50003B099 /* Base */ = {isa = PBXFileReference; lastKnownFileType = file.storyboard; name = Base; path = Base.lproj/Main.storyboard; sourceTree = "<group>"; };
		40ED40BF18EAEAC50003B099 /* Notes.xcdatamodel */ = {isa = PBXFileReference; lastKnownFileType = wrapper.xcdatamodel; path = Notes.xcdatamodel; sourceTree = "<group>"; };
		40ED40C118EAEAC50003B099 /* RecordsController.h */ = {isa = PBXFileReference; lastKnownFileType = sourcecode.c.h; path = RecordsController.h; sourceTree = "<group>"; };
		40ED40C218EAEAC50003B099 /* RecordsController.m */ = {isa = PBXFileReference; lastKnownFileType = sourcecode.c.objc; path = RecordsController.m; sourceTree = "<group>"; };
		40ED40C418EAEAC50003B099 /* RecordPreviewController.h */ = {isa = PBXFileReference; lastKnownFileType = sourcecode.c.h; path = RecordPreviewController.h; sourceTree = "<group>"; };
		40ED40C518EAEAC50003B099 /* RecordPreviewController.m */ = {isa = PBXFileReference; lastKnownFileType = sourcecode.c.objc; path = RecordPreviewController.m; sourceTree = "<group>"; };
		40ED40CD18EAEAC50003B099 /* CannyWriterTests.xctest */ = {isa = PBXFileReference; explicitFileType = wrapper.cfbundle; includeInIndex = 0; path = CannyWriterTests.xctest; sourceTree = BUILT_PRODUCTS_DIR; };
		40ED40CE18EAEAC50003B099 /* XCTest.framework */ = {isa = PBXFileReference; lastKnownFileType = wrapper.framework; name = XCTest.framework; path = Library/Frameworks/XCTest.framework; sourceTree = DEVELOPER_DIR; };
		40ED40D718EAEAC50003B099 /* CannyWriterTests-Info.plist */ = {isa = PBXFileReference; lastKnownFileType = text.plist.xml; path = "CannyWriterTests-Info.plist"; sourceTree = "<group>"; };
		40ED40DB18EAEAC50003B099 /* NotesTests.m */ = {isa = PBXFileReference; lastKnownFileType = sourcecode.c.objc; path = NotesTests.m; sourceTree = "<group>"; };
		40F208C1191FE3CF00B798FB /* ru */ = {isa = PBXFileReference; lastKnownFileType = text.plist.strings; name = ru; path = ru.lproj/Main.strings; sourceTree = "<group>"; };
		40F208C2191FE3D400B798FB /* en */ = {isa = PBXFileReference; lastKnownFileType = text.plist.strings; name = en; path = en.lproj/Main.strings; sourceTree = "<group>"; };
		40F208C4191FEF9800B798FB /* Base */ = {isa = PBXFileReference; lastKnownFileType = text.plist.strings; name = Base; path = Base.lproj/Localizable.strings; sourceTree = "<group>"; };
		40F208C6191FEF9D00B798FB /* ru */ = {isa = PBXFileReference; lastKnownFileType = text.plist.strings; name = ru; path = ru.lproj/Localizable.strings; sourceTree = "<group>"; };
		40F208C7191FEF9E00B798FB /* en */ = {isa = PBXFileReference; lastKnownFileType = text.plist.strings; name = en; path = en.lproj/Localizable.strings; sourceTree = "<group>"; };
		40F56C5D1931061A006DB460 /* Notes 2.xcdatamodel */ = {isa = PBXFileReference; lastKnownFileType = wrapper.xcdatamodel; path = "Notes 2.xcdatamodel"; sourceTree = "<group>"; };
		40F84D19194DE99700F1A672 /* Views.xib */ = {isa = PBXFileReference; fileEncoding = 4; lastKnownFileType = file.xib; path = Views.xib; sourceTree = "<group>"; };
		8095D006B202DC8F4D95301B /* PSTCollectionViewLayout+Internals.h */ = {isa = PBXFileReference; fileEncoding = 4; lastKnownFileType = sourcecode.c.h; path = "PSTCollectionViewLayout+Internals.h"; sourceTree = "<group>"; };
		8095D0202E1AC94687D5EBBC /* UIBarButtonItemArrowRight@2x.png */ = {isa = PBXFileReference; lastKnownFileType = image.png; path = "UIBarButtonItemArrowRight@2x.png"; sourceTree = "<group>"; };
		8095D0207747CB7672990794 /* UIImage+MultiFormat.h */ = {isa = PBXFileReference; fileEncoding = 4; lastKnownFileType = sourcecode.c.h; path = "UIImage+MultiFormat.h"; sourceTree = "<group>"; };
		8095D02D9C74E3C6FB496950 /* ImageError.png */ = {isa = PBXFileReference; lastKnownFileType = image.png; path = ImageError.png; sourceTree = "<group>"; };
		8095D0316D7A37549CCCB473 /* UIImage+WebP.m */ = {isa = PBXFileReference; fileEncoding = 4; lastKnownFileType = sourcecode.c.objc; path = "UIImage+WebP.m"; sourceTree = "<group>"; };
		8095D04D780DE1FE2992181E /* MWGridViewController.m */ = {isa = PBXFileReference; fileEncoding = 4; lastKnownFileType = sourcecode.c.objc; path = MWGridViewController.m; sourceTree = "<group>"; };
		8095D059A9F56604AFF08B40 /* SDWebImagePrefetcher.h */ = {isa = PBXFileReference; fileEncoding = 4; lastKnownFileType = sourcecode.c.h; path = SDWebImagePrefetcher.h; sourceTree = "<group>"; };
		8095D05CF772AB255AC688F6 /* PSTCollectionViewUpdateItem.h */ = {isa = PBXFileReference; fileEncoding = 4; lastKnownFileType = sourcecode.c.h; path = PSTCollectionViewUpdateItem.h; sourceTree = "<group>"; };
		8095D06DC6725728E2E25331 /* PSTGridLayoutItem.h */ = {isa = PBXFileReference; fileEncoding = 4; lastKnownFileType = sourcecode.c.h; path = PSTGridLayoutItem.h; sourceTree = "<group>"; };
		8095D071DDAD92C9BABAAEEC /* PSTCollectionViewUpdateItem.m */ = {isa = PBXFileReference; fileEncoding = 4; lastKnownFileType = sourcecode.c.objc; path = PSTCollectionViewUpdateItem.m; sourceTree = "<group>"; };
		8095D091D16793F61E3C12B3 /* UIButton+WebCache.h */ = {isa = PBXFileReference; fileEncoding = 4; lastKnownFileType = sourcecode.c.h; path = "UIButton+WebCache.h"; sourceTree = "<group>"; };
		8095D0B04AF28C7F6B6F95A9 /* PSTCollectionViewData.m */ = {isa = PBXFileReference; fileEncoding = 4; lastKnownFileType = sourcecode.c.objc; path = PSTCollectionViewData.m; sourceTree = "<group>"; };
		8095D1014A0E7492005C9521 /* UIBarButtonItemArrowRight.png */ = {isa = PBXFileReference; lastKnownFileType = image.png; path = UIBarButtonItemArrowRight.png; sourceTree = "<group>"; };
		8095D15F1D90666BC1A6E1A7 /* ImageSelectedOn.png */ = {isa = PBXFileReference; lastKnownFileType = image.png; path = ImageSelectedOn.png; sourceTree = "<group>"; };
		8095D18FDA0475F2C71536EF /* PSTCollectionViewItemKey.h */ = {isa = PBXFileReference; fileEncoding = 4; lastKnownFileType = sourcecode.c.h; path = PSTCollectionViewItemKey.h; sourceTree = "<group>"; };
		8095D192647C1800CAF8E45C /* MWCaptionView.m */ = {isa = PBXFileReference; fileEncoding = 4; lastKnownFileType = sourcecode.c.objc; path = MWCaptionView.m; sourceTree = "<group>"; };
		8095D1B299D8229BFF6C8CEE /* MWTapDetectingView.m */ = {isa = PBXFileReference; fileEncoding = 4; lastKnownFileType = sourcecode.c.objc; path = MWTapDetectingView.m; sourceTree = "<group>"; };
		8095D1B63A1A73D898B44878 /* MWPhoto.m */ = {isa = PBXFileReference; fileEncoding = 4; lastKnownFileType = sourcecode.c.objc; path = MWPhoto.m; sourceTree = "<group>"; };
		8095D1B9325B6571C8B11FD3 /* UIBarButtonItemArrowLeft@2x.png */ = {isa = PBXFileReference; lastKnownFileType = image.png; path = "UIBarButtonItemArrowLeft@2x.png"; sourceTree = "<group>"; };
		8095D1C55E3971EA5F1533B9 /* PSTCollectionViewController.h */ = {isa = PBXFileReference; fileEncoding = 4; lastKnownFileType = sourcecode.c.h; path = PSTCollectionViewController.h; sourceTree = "<group>"; };
		8095D1CB5A3F5E8D4F552BAA /* DACircularProgressView.m */ = {isa = PBXFileReference; fileEncoding = 4; lastKnownFileType = sourcecode.c.objc; path = DACircularProgressView.m; sourceTree = "<group>"; };
		8095D1D7B11A2C3CB333CA33 /* CopyTextOnlyActivity.m */ = {isa = PBXFileReference; fileEncoding = 4; lastKnownFileType = sourcecode.c.objc; path = CopyTextOnlyActivity.m; sourceTree = "<group>"; };
		8095D1DCCCF08F46688061B1 /* CopyTextOnlyActivity.h */ = {isa = PBXFileReference; fileEncoding = 4; lastKnownFileType = sourcecode.c.h; path = CopyTextOnlyActivity.h; sourceTree = "<group>"; };
		8095D211FB08806289942E54 /* ImageSelectedOn@2x.png */ = {isa = PBXFileReference; lastKnownFileType = image.png; path = "ImageSelectedOn@2x.png"; sourceTree = "<group>"; };
		8095D2232A453BE14017461A /* PSTCollectionViewCommon.h */ = {isa = PBXFileReference; fileEncoding = 4; lastKnownFileType = sourcecode.c.h; path = PSTCollectionViewCommon.h; sourceTree = "<group>"; };
		8095D24C41159A1503B99F4E /* UIBarButtonItemGrid.png */ = {isa = PBXFileReference; lastKnownFileType = image.png; path = UIBarButtonItemGrid.png; sourceTree = "<group>"; };
		8095D25926C9A801B75AC177 /* UIBarButtonItemArrowLeft.png */ = {isa = PBXFileReference; lastKnownFileType = image.png; path = UIBarButtonItemArrowLeft.png; sourceTree = "<group>"; };
		8095D293560984DA0E14B2E8 /* MWPhotoProtocol.h */ = {isa = PBXFileReference; fileEncoding = 4; lastKnownFileType = sourcecode.c.h; path = MWPhotoProtocol.h; sourceTree = "<group>"; };
		8095D2B1B004A8F976503E80 /* NSData+ImageContentType.h */ = {isa = PBXFileReference; fileEncoding = 4; lastKnownFileType = sourcecode.c.h; path = "NSData+ImageContentType.h"; sourceTree = "<group>"; };
		8095D31B55D20F29D7BFCF98 /* SDImageCache.m */ = {isa = PBXFileReference; fileEncoding = 4; lastKnownFileType = sourcecode.c.objc; path = SDImageCache.m; sourceTree = "<group>"; };
		8095D35C47394614B96EAE04 /* ImageSelectedSmallOff.png */ = {isa = PBXFileReference; lastKnownFileType = image.png; path = ImageSelectedSmallOff.png; sourceTree = "<group>"; };
		8095D37136789466431D352D /* README.md */ = {isa = PBXFileReference; lastKnownFileType = file.md; path = README.md; sourceTree = "<group>"; };
		8095D372EA3A03857114DBD8 /* UIImage+Resize.h */ = {isa = PBXFileReference; fileEncoding = 4; lastKnownFileType = sourcecode.c.h; path = "UIImage+Resize.h"; sourceTree = "<group>"; };
		8095D373DCAB8DE433FCAC67 /* UIBarButtonItemGridiOS6.png */ = {isa = PBXFileReference; lastKnownFileType = image.png; path = UIBarButtonItemGridiOS6.png; sourceTree = "<group>"; };
		8095D3A22D1902E916C10A5A /* SDWebImageDecoder.m */ = {isa = PBXFileReference; fileEncoding = 4; lastKnownFileType = sourcecode.c.objc; path = SDWebImageDecoder.m; sourceTree = "<group>"; };
		8095D3A6264544BDA0F78A3E /* SDWebImageDownloaderOperation.m */ = {isa = PBXFileReference; fileEncoding = 4; lastKnownFileType = sourcecode.c.objc; path = SDWebImageDownloaderOperation.m; sourceTree = "<group>"; };
		8095D3AE32CBD937B349A1D0 /* PSTCollectionViewData.h */ = {isa = PBXFileReference; fileEncoding = 4; lastKnownFileType = sourcecode.c.h; path = PSTCollectionViewData.h; sourceTree = "<group>"; };
		8095D3E466CB96FAF859299C /* UIBarButtonItemArrowOutlineLeft@2x.png */ = {isa = PBXFileReference; lastKnownFileType = image.png; path = "UIBarButtonItemArrowOutlineLeft@2x.png"; sourceTree = "<group>"; };
		8095D44E0CEE341C2145527C /* PSTCollectionViewFlowLayout.m */ = {isa = PBXFileReference; fileEncoding = 4; lastKnownFileType = sourcecode.c.objc; path = PSTCollectionViewFlowLayout.m; sourceTree = "<group>"; };
		8095D4506C2E1472A9ECA15F /* MWPhotoBrowser.m */ = {isa = PBXFileReference; fileEncoding = 4; lastKnownFileType = sourcecode.c.objc; path = MWPhotoBrowser.m; sourceTree = "<group>"; };
		8095D480C50E92C81D71EF9A /* PSTCollectionViewFlowLayout.h */ = {isa = PBXFileReference; fileEncoding = 4; lastKnownFileType = sourcecode.c.h; path = PSTCollectionViewFlowLayout.h; sourceTree = "<group>"; };
		8095D4815FB09F7D0E142693 /* PSTCollectionView.m */ = {isa = PBXFileReference; fileEncoding = 4; lastKnownFileType = sourcecode.c.objc; path = PSTCollectionView.m; sourceTree = "<group>"; };
		8095D4B558C18B77F7425EE9 /* UIImage+GIF.h */ = {isa = PBXFileReference; fileEncoding = 4; lastKnownFileType = sourcecode.c.h; path = "UIImage+GIF.h"; sourceTree = "<group>"; };
		8095D4E268C4811AC857903B /* MWZoomingScrollView.h */ = {isa = PBXFileReference; fileEncoding = 4; lastKnownFileType = sourcecode.c.h; path = MWZoomingScrollView.h; sourceTree = "<group>"; };
		8095D4FF1B8064EFDAC816D8 /* Preferences.h */ = {isa = PBXFileReference; fileEncoding = 4; lastKnownFileType = sourcecode.c.h; path = Preferences.h; sourceTree = "<group>"; };
		8095D513FC60DE21BE32811A /* Appearance.m */ = {isa = PBXFileReference; fileEncoding = 4; lastKnownFileType = sourcecode.c.objc; path = Appearance.m; sourceTree = "<group>"; };
		8095D557ACD6C45DEE0592A6 /* PSTGridLayoutInfo.h */ = {isa = PBXFileReference; fileEncoding = 4; lastKnownFileType = sourcecode.c.h; path = PSTGridLayoutInfo.h; sourceTree = "<group>"; };
		8095D56796F03914721CE388 /* SDWebImageDownloader.h */ = {isa = PBXFileReference; fileEncoding = 4; lastKnownFileType = sourcecode.c.h; path = SDWebImageDownloader.h; sourceTree = "<group>"; };
		8095D56F05E2767A2D51313A /* MWPhotoBrowserPrivate.h */ = {isa = PBXFileReference; fileEncoding = 4; lastKnownFileType = sourcecode.c.h; path = MWPhotoBrowserPrivate.h; sourceTree = "<group>"; };
		8095D5B677DC64AB76799DA3 /* UIBarButtonItemArrowOutlineRight@2x.png */ = {isa = PBXFileReference; lastKnownFileType = image.png; path = "UIBarButtonItemArrowOutlineRight@2x.png"; sourceTree = "<group>"; };
		8095D5B92D8084EBC5751798 /* ImageSelectedSmallOn@2x.png */ = {isa = PBXFileReference; lastKnownFileType = image.png; path = "ImageSelectedSmallOn@2x.png"; sourceTree = "<group>"; };
		8095D5D64BAD05B163096722 /* LICENSE */ = {isa = PBXFileReference; fileEncoding = 4; lastKnownFileType = text; path = LICENSE; sourceTree = "<group>"; };
		8095D604BE5F432E8B42680E /* SDWebImagePrefetcher.m */ = {isa = PBXFileReference; fileEncoding = 4; lastKnownFileType = sourcecode.c.objc; path = SDWebImagePrefetcher.m; sourceTree = "<group>"; };
		8095D61E1CF6B087457A7175 /* SDWebImageManager.h */ = {isa = PBXFileReference; fileEncoding = 4; lastKnownFileType = sourcecode.c.h; path = SDWebImageManager.h; sourceTree = "<group>"; };
		8095D6201D0B35E4984AC53F /* MKAnnotationView+WebCache.m */ = {isa = PBXFileReference; fileEncoding = 4; lastKnownFileType = sourcecode.c.objc; path = "MKAnnotationView+WebCache.m"; sourceTree = "<group>"; };
		8095D6405597268F00054E8D /* MWCaptionView.h */ = {isa = PBXFileReference; fileEncoding = 4; lastKnownFileType = sourcecode.c.h; path = MWCaptionView.h; sourceTree = "<group>"; };
		8095D641D20D3CC2317E0C66 /* PSTGridLayoutSection.h */ = {isa = PBXFileReference; fileEncoding = 4; lastKnownFileType = sourcecode.c.h; path = PSTGridLayoutSection.h; sourceTree = "<group>"; };
		8095D657D04A2A9C8E14FF4E /* PSTGridLayoutSection.m */ = {isa = PBXFileReference; fileEncoding = 4; lastKnownFileType = sourcecode.c.objc; path = PSTGridLayoutSection.m; sourceTree = "<group>"; };
		8095D682FC3A0F46DC9B0781 /* PSTCollectionViewCell.m */ = {isa = PBXFileReference; fileEncoding = 4; lastKnownFileType = sourcecode.c.objc; path = PSTCollectionViewCell.m; sourceTree = "<group>"; };
		8095D69C90FD694FCFC4D372 /* MWGridCell.m */ = {isa = PBXFileReference; fileEncoding = 4; lastKnownFileType = sourcecode.c.objc; path = MWGridCell.m; sourceTree = "<group>"; };
		8095D71FD4AE1A15583063D6 /* PSTCollectionView.h */ = {isa = PBXFileReference; fileEncoding = 4; lastKnownFileType = sourcecode.c.h; path = PSTCollectionView.h; sourceTree = "<group>"; };
		8095D7597353DECEE5DB0D76 /* Preferences.m */ = {isa = PBXFileReference; fileEncoding = 4; lastKnownFileType = sourcecode.c.objc; path = Preferences.m; sourceTree = "<group>"; };
		8095D77BA3BE00E6710524BF /* NSIndexPath+PSTCollectionViewAdditions.m */ = {isa = PBXFileReference; fileEncoding = 4; lastKnownFileType = sourcecode.c.objc; path = "NSIndexPath+PSTCollectionViewAdditions.m"; sourceTree = "<group>"; };
		8095D7944D55DFF2C3614041 /* UIBarButtonItemArrowOutlineRight.png */ = {isa = PBXFileReference; lastKnownFileType = image.png; path = UIBarButtonItemArrowOutlineRight.png; sourceTree = "<group>"; };
		8095D79D31A9C7F592D6BA50 /* ImageSelectedSmallOn.png */ = {isa = PBXFileReference; lastKnownFileType = image.png; path = ImageSelectedSmallOn.png; sourceTree = "<group>"; };
		8095D7B8E5040C680D881AA3 /* MWZoomingScrollView.m */ = {isa = PBXFileReference; fileEncoding = 4; lastKnownFileType = sourcecode.c.objc; path = MWZoomingScrollView.m; sourceTree = "<group>"; };
		8095D7FBCEF84F985D27009B /* MWTapDetectingView.h */ = {isa = PBXFileReference; fileEncoding = 4; lastKnownFileType = sourcecode.c.h; path = MWTapDetectingView.h; sourceTree = "<group>"; };
		8095D81BC78766DE99076C9A /* UIImage+GIF.m */ = {isa = PBXFileReference; fileEncoding = 4; lastKnownFileType = sourcecode.c.objc; path = "UIImage+GIF.m"; sourceTree = "<group>"; };
		8095D830B02F4942FC4E5D1E /* MWCommon.h */ = {isa = PBXFileReference; fileEncoding = 4; lastKnownFileType = sourcecode.c.h; path = MWCommon.h; sourceTree = "<group>"; };
		8095D869C3A8F780ACEE58EA /* NSData+GIF.h */ = {isa = PBXFileReference; fileEncoding = 4; lastKnownFileType = sourcecode.c.h; path = "NSData+GIF.h"; sourceTree = "<group>"; };
		8095D885D57BAAEAA6C6F5D8 /* PSTCollectionViewLayout.h */ = {isa = PBXFileReference; fileEncoding = 4; lastKnownFileType = sourcecode.c.h; path = PSTCollectionViewLayout.h; sourceTree = "<group>"; };
		8095D8AF095B3B85C1B3F7CD /* NSIndexPath+PSTCollectionViewAdditions.h */ = {isa = PBXFileReference; fileEncoding = 4; lastKnownFileType = sourcecode.c.h; path = "NSIndexPath+PSTCollectionViewAdditions.h"; sourceTree = "<group>"; };
		8095D8B7F77C18856B291634 /* UIImage+Resize.m */ = {isa = PBXFileReference; fileEncoding = 4; lastKnownFileType = sourcecode.c.objc; path = "UIImage+Resize.m"; sourceTree = "<group>"; };
		8095D8D728D12AFF163CC7F9 /* PSTGridLayoutRow.m */ = {isa = PBXFileReference; fileEncoding = 4; lastKnownFileType = sourcecode.c.objc; path = PSTGridLayoutRow.m; sourceTree = "<group>"; };
		8095D8DCE42A92EB01EFAE44 /* PSTGridLayoutInfo.m */ = {isa = PBXFileReference; fileEncoding = 4; lastKnownFileType = sourcecode.c.objc; path = PSTGridLayoutInfo.m; sourceTree = "<group>"; };
		8095D9283A4B053BB9C59728 /* PSTCollectionViewController.m */ = {isa = PBXFileReference; fileEncoding = 4; lastKnownFileType = sourcecode.c.objc; path = PSTCollectionViewController.m; sourceTree = "<group>"; };
		8095D929F23932B7B4CE781A /* Podfile */ = {isa = PBXFileReference; fileEncoding = 4; lastKnownFileType = text; path = Podfile; sourceTree = "<group>"; xcLanguageSpecificationIdentifier = xcode.lang.ruby; };
		8095D93770E6BD745170226C /* SDImageCache.h */ = {isa = PBXFileReference; fileEncoding = 4; lastKnownFileType = sourcecode.c.h; path = SDImageCache.h; sourceTree = "<group>"; };
		8095D977907868B48A695B50 /* Checkmark@2x.png */ = {isa = PBXFileReference; lastKnownFileType = image.png; path = "Checkmark@2x.png"; sourceTree = "<group>"; };
		8095D98482CB001FA93A4CEE /* DACircularProgressView.h */ = {isa = PBXFileReference; fileEncoding = 4; lastKnownFileType = sourcecode.c.h; path = DACircularProgressView.h; sourceTree = "<group>"; };
		8095D9B4A124239EC74F983C /* SDWebImageDownloader.m */ = {isa = PBXFileReference; fileEncoding = 4; lastKnownFileType = sourcecode.c.objc; path = SDWebImageDownloader.m; sourceTree = "<group>"; };
		8095DA0362E3F192042CDD4E /* UIImageView+WebCache.h */ = {isa = PBXFileReference; fileEncoding = 4; lastKnownFileType = sourcecode.c.h; path = "UIImageView+WebCache.h"; sourceTree = "<group>"; };
		8095DA136A62D39FEB1CF56A /* PSTGridLayoutRow.h */ = {isa = PBXFileReference; fileEncoding = 4; lastKnownFileType = sourcecode.c.h; path = PSTGridLayoutRow.h; sourceTree = "<group>"; };
		8095DA20766764DD0919ACB1 /* PSTCollectionViewCell.h */ = {isa = PBXFileReference; fileEncoding = 4; lastKnownFileType = sourcecode.c.h; path = PSTCollectionViewCell.h; sourceTree = "<group>"; };
		8095DA347EFF2AF887F5587E /* SDWebImageOperation.h */ = {isa = PBXFileReference; fileEncoding = 4; lastKnownFileType = sourcecode.c.h; path = SDWebImageOperation.h; sourceTree = "<group>"; };
		8095DA8DD8D211116FB71AF4 /* UIImageView+WebCache.m */ = {isa = PBXFileReference; fileEncoding = 4; lastKnownFileType = sourcecode.c.objc; path = "UIImageView+WebCache.m"; sourceTree = "<group>"; };
		8095DA90DCDB3BBAC77286D6 /* UIButton+WebCache.m */ = {isa = PBXFileReference; fileEncoding = 4; lastKnownFileType = sourcecode.c.objc; path = "UIButton+WebCache.m"; sourceTree = "<group>"; };
		8095DABD7DF9F7236ABE71E2 /* CopyAllActivity.m */ = {isa = PBXFileReference; fileEncoding = 4; lastKnownFileType = sourcecode.c.objc; path = CopyAllActivity.m; sourceTree = "<group>"; };
		8095DB24A5D1A14E6F25E68D /* AppDelegate.m */ = {isa = PBXFileReference; fileEncoding = 4; lastKnownFileType = sourcecode.c.objc; path = AppDelegate.m; sourceTree = "<group>"; };
		8095DB447B3C3AD21787E42D /* UIImage+MultiFormat.m */ = {isa = PBXFileReference; fileEncoding = 4; lastKnownFileType = sourcecode.c.objc; path = "UIImage+MultiFormat.m"; sourceTree = "<group>"; };
		8095DB564964834B2169974A /* UIBarButtonItemGridiOS6@2x.png */ = {isa = PBXFileReference; lastKnownFileType = image.png; path = "UIBarButtonItemGridiOS6@2x.png"; sourceTree = "<group>"; };
		8095DB9FFC5C11DACE943150 /* SDWebImageCompat.m */ = {isa = PBXFileReference; fileEncoding = 4; lastKnownFileType = sourcecode.c.objc; path = SDWebImageCompat.m; sourceTree = "<group>"; };
		8095DBB9F3923456A725980F /* SDWebImageManager.m */ = {isa = PBXFileReference; fileEncoding = 4; lastKnownFileType = sourcecode.c.objc; path = SDWebImageManager.m; sourceTree = "<group>"; };
		8095DBDEBE6DF48FEE8C1ED0 /* PSTGridLayoutItem.m */ = {isa = PBXFileReference; fileEncoding = 4; lastKnownFileType = sourcecode.c.objc; path = PSTGridLayoutItem.m; sourceTree = "<group>"; };
		8095DC11637D6E7CF3A046CD /* UIImage+WebP.h */ = {isa = PBXFileReference; fileEncoding = 4; lastKnownFileType = sourcecode.c.h; path = "UIImage+WebP.h"; sourceTree = "<group>"; };
		8095DCD2EA9FEEB5F6DB30FD /* MWGridCell.h */ = {isa = PBXFileReference; fileEncoding = 4; lastKnownFileType = sourcecode.c.h; path = MWGridCell.h; sourceTree = "<group>"; };
		8095DCEBA89F0BA995B227BD /* UIBarButtonItemGrid@2x.png */ = {isa = PBXFileReference; lastKnownFileType = image.png; path = "UIBarButtonItemGrid@2x.png"; sourceTree = "<group>"; };
		8095DD1E52AA291DCB1F1E67 /* SDWebImageCompat.h */ = {isa = PBXFileReference; fileEncoding = 4; lastKnownFileType = sourcecode.c.h; path = SDWebImageCompat.h; sourceTree = "<group>"; };
		8095DD2401CDF8350BD22C01 /* CopyAllActivity.h */ = {isa = PBXFileReference; fileEncoding = 4; lastKnownFileType = sourcecode.c.h; path = CopyAllActivity.h; sourceTree = "<group>"; };
		8095DD67704964786F854916 /* ImageSelectedOff@2x.png */ = {isa = PBXFileReference; lastKnownFileType = image.png; path = "ImageSelectedOff@2x.png"; sourceTree = "<group>"; };
		8095DD6A36EABE10D5250BAD /* AppDelegate.h */ = {isa = PBXFileReference; fileEncoding = 4; lastKnownFileType = sourcecode.c.h; path = AppDelegate.h; sourceTree = "<group>"; };
		8095DDA88F14EF4EE4E50BD9 /* MWGridViewController.h */ = {isa = PBXFileReference; fileEncoding = 4; lastKnownFileType = sourcecode.c.h; path = MWGridViewController.h; sourceTree = "<group>"; };
		8095DE579D69013336D168F3 /* MWTapDetectingImageView.m */ = {isa = PBXFileReference; fileEncoding = 4; lastKnownFileType = sourcecode.c.objc; path = MWTapDetectingImageView.m; sourceTree = "<group>"; };
		8095DE6F190B59FF640D6C3A /* MWPhoto.h */ = {isa = PBXFileReference; fileEncoding = 4; lastKnownFileType = sourcecode.c.h; path = MWPhoto.h; sourceTree = "<group>"; };
		8095DE99FFCCD85FA8915ABE /* Checkmark.png */ = {isa = PBXFileReference; lastKnownFileType = image.png; path = Checkmark.png; sourceTree = "<group>"; };
		8095DE9D9DDA42F7ADD9588D /* MWPhotoBrowser.h */ = {isa = PBXFileReference; fileEncoding = 4; lastKnownFileType = sourcecode.c.h; path = MWPhotoBrowser.h; sourceTree = "<group>"; };
		8095DEA66407DE88C8AC45FB /* SDWebImageDecoder.h */ = {isa = PBXFileReference; fileEncoding = 4; lastKnownFileType = sourcecode.c.h; path = SDWebImageDecoder.h; sourceTree = "<group>"; };
		8095DED47357B62EB351BD84 /* Appearance.h */ = {isa = PBXFileReference; fileEncoding = 4; lastKnownFileType = sourcecode.c.h; path = Appearance.h; sourceTree = "<group>"; };
		8095DEEB81AD84814B02F38E /* NSData+ImageContentType.m */ = {isa = PBXFileReference; fileEncoding = 4; lastKnownFileType = sourcecode.c.objc; path = "NSData+ImageContentType.m"; sourceTree = "<group>"; };
		8095DF0C823E8770197E9BF1 /* ImageError@2x.png */ = {isa = PBXFileReference; lastKnownFileType = image.png; path = "ImageError@2x.png"; sourceTree = "<group>"; };
		8095DF161F67F7E5E19F0CC2 /* PSTCollectionViewItemKey.m */ = {isa = PBXFileReference; fileEncoding = 4; lastKnownFileType = sourcecode.c.objc; path = PSTCollectionViewItemKey.m; sourceTree = "<group>"; };
		8095DF55F48DED7135095D29 /* SDWebImageDownloaderOperation.h */ = {isa = PBXFileReference; fileEncoding = 4; lastKnownFileType = sourcecode.c.h; path = SDWebImageDownloaderOperation.h; sourceTree = "<group>"; };
		8095DF844243099E4977188E /* MWTapDetectingImageView.h */ = {isa = PBXFileReference; fileEncoding = 4; lastKnownFileType = sourcecode.c.h; path = MWTapDetectingImageView.h; sourceTree = "<group>"; };
		8095DFAA8DC3F906E3DB450E /* NSData+GIF.m */ = {isa = PBXFileReference; fileEncoding = 4; lastKnownFileType = sourcecode.c.objc; path = "NSData+GIF.m"; sourceTree = "<group>"; };
		8095DFAB11CD2DDB8634A5C1 /* MKAnnotationView+WebCache.h */ = {isa = PBXFileReference; fileEncoding = 4; lastKnownFileType = sourcecode.c.h; path = "MKAnnotationView+WebCache.h"; sourceTree = "<group>"; };
		8095DFC3FAD7213AA655DFC7 /* UIBarButtonItemArrowOutlineLeft.png */ = {isa = PBXFileReference; lastKnownFileType = image.png; path = UIBarButtonItemArrowOutlineLeft.png; sourceTree = "<group>"; };
		8095DFC7DFE88D595C94BEF7 /* ImageSelectedSmallOff@2x.png */ = {isa = PBXFileReference; lastKnownFileType = image.png; path = "ImageSelectedSmallOff@2x.png"; sourceTree = "<group>"; };
		8095DFE3F039BFCFAC0F0425 /* ImageSelectedOff.png */ = {isa = PBXFileReference; lastKnownFileType = image.png; path = ImageSelectedOff.png; sourceTree = "<group>"; };
		8095DFFD62D4D12AA5768558 /* PSTCollectionViewLayout.m */ = {isa = PBXFileReference; fileEncoding = 4; lastKnownFileType = sourcecode.c.objc; path = PSTCollectionViewLayout.m; sourceTree = "<group>"; };
		DB0F3FFD18FFB8730064EC67 /* NSString+WordCount.h */ = {isa = PBXFileReference; fileEncoding = 4; lastKnownFileType = sourcecode.c.h; path = "NSString+WordCount.h"; sourceTree = "<group>"; };
		DB0F3FFE18FFB8730064EC67 /* NSString+WordCount.m */ = {isa = PBXFileReference; fileEncoding = 4; lastKnownFileType = sourcecode.c.objc; path = "NSString+WordCount.m"; sourceTree = "<group>"; };
/* End PBXFileReference section */

/* Begin PBXFrameworksBuildPhase section */
		40ED40A118EAEAC50003B099 /* Frameworks */ = {
			isa = PBXFrameworksBuildPhase;
			buildActionMask = 2147483647;
			files = (
				40AA1D011955DE1A00CC2277 /* MobileCoreServices.framework in Frameworks */,
				40ED40AA18EAEAC50003B099 /* CoreGraphics.framework in Frameworks */,
				40ED40AE18EAEAC50003B099 /* CoreData.framework in Frameworks */,
				40ED40AC18EAEAC50003B099 /* UIKit.framework in Frameworks */,
				40ED40A818EAEAC50003B099 /* Foundation.framework in Frameworks */,
			);
			runOnlyForDeploymentPostprocessing = 0;
		};
		40ED40CA18EAEAC50003B099 /* Frameworks */ = {
			isa = PBXFrameworksBuildPhase;
			buildActionMask = 2147483647;
			files = (
				40ED40CF18EAEAC50003B099 /* XCTest.framework in Frameworks */,
				40ED40D218EAEAC50003B099 /* CoreData.framework in Frameworks */,
				40ED40D118EAEAC50003B099 /* UIKit.framework in Frameworks */,
				40ED40D018EAEAC50003B099 /* Foundation.framework in Frameworks */,
			);
			runOnlyForDeploymentPostprocessing = 0;
		};
/* End PBXFrameworksBuildPhase section */

/* Begin PBXGroup section */
		148FA83E943194ABC78810A1 /* Controls */ = {
			isa = PBXGroup;
			children = (
				148FAB88D118D36A83F44679 /* TextView.m */,
				148FA5BA3D62F403AA93536A /* TextView.h */,
				148FA8B1DB8A2C96E971271C /* KeyboardLettersExtension.m */,
				148FABFF37B51DE5C1D7E538 /* KeyboardLettersExtension.h */,
				148FAED9B3306D432C8226DD /* KeyboardSearchExtension.m */,
				148FA7DF711531546BA9B393 /* KeyboardSearchExtension.h */,
			);
			name = Controls;
			sourceTree = "<group>";
		};
		4013BBC118EB00B800810653 /* ManagedObjects */ = {
			isa = PBXGroup;
			children = (
				4013BBBE18EB00A900810653 /* History.h */,
				4013BBBF18EB00A900810653 /* History.m */,
				4013BBBB18EB00A800810653 /* Record.h */,
				4013BBBC18EB00A800810653 /* Record.m */,
				4013BBB818EB00A800810653 /* Photo.h */,
				4013BBB918EB00A800810653 /* Photo.m */,
			);
			name = ManagedObjects;
			sourceTree = "<group>";
		};
		4013BBC618EB368200810653 /* 3rd-party */ = {
			isa = PBXGroup;
			children = (
				407516FF1913534B005E181F /* VKontakteActivity.h */,
				407517001913534B005E181F /* VKontakteActivity.m */,
				4013BBC718EB36C500810653 /* NSDate-Utilities.h */,
				4013BBC818EB36C500810653 /* NSDate-Utilities.m */,
				DB0F3FFD18FFB8730064EC67 /* NSString+WordCount.h */,
				DB0F3FFE18FFB8730064EC67 /* NSString+WordCount.m */,
				8095D8B7F77C18856B291634 /* UIImage+Resize.m */,
				8095D372EA3A03857114DBD8 /* UIImage+Resize.h */,
				8095D91BD7B4D0839E33FB12 /* MWPhotoBrowser */,
			);
			name = "3rd-party";
			sourceTree = "<group>";
		};
		4013BBCA18EB3D8000810653 /* Cells */ = {
			isa = PBXGroup;
			children = (
				4013BBCB18EB3DB900810653 /* RecordsItemCell.h */,
				4013BBCC18EB3DB900810653 /* RecordsItemCell.m */,
				4049019A18EBBDF9000B1968 /* RecordsItemCellNoTitle.h */,
				4049019B18EBBDF9000B1968 /* RecordsItemCellNoTitle.m */,
				40A406071930DC2B009CBA3A /* PhotosCollectionCell.h */,
				40A406081930DC2B009CBA3A /* PhotosCollectionCell.m */,
			);
			name = Cells;
			sourceTree = "<group>";
		};
		4013BBCE18EB3DC100810653 /* ViewControllers */ = {
			isa = PBXGroup;
			children = (
				40ED40C118EAEAC50003B099 /* RecordsController.h */,
				40ED40C218EAEAC50003B099 /* RecordsController.m */,
				40ED40C418EAEAC50003B099 /* RecordPreviewController.h */,
				40ED40C518EAEAC50003B099 /* RecordPreviewController.m */,
				4004944818ED55A0000DC4B5 /* HistoryController.h */,
				4004944918ED55A0000DC4B5 /* HistoryController.m */,
				4004BA4518ED8CD100E98D9F /* HistoryPageContentController.h */,
				4004BA4618ED8CD100E98D9F /* HistoryPageContentController.m */,
				40DE4E5D192132260044A5EC /* RecordTextEditorController.h */,
				40DE4E5E192132260044A5EC /* RecordTextEditorController.m */,
				40DE4E60192145BB0044A5EC /* RecordSearchController.h */,
				40DE4E61192145BB0044A5EC /* RecordSearchController.m */,
				148FAD537AB9872B7FD82DDD /* TextViewAppearancePopoverViewController.m */,
				148FA1CA57C05C81DB6BFE46 /* TextViewAppearancePopoverViewController.h */,
			);
			name = ViewControllers;
			sourceTree = "<group>";
		};
		4013BBCF18EB3DCE00810653 /* Application */ = {
			isa = PBXGroup;
			children = (
				8095DB24A5D1A14E6F25E68D /* AppDelegate.m */,
				8095DD6A36EABE10D5250BAD /* AppDelegate.h */,
			);
			name = Application;
			sourceTree = "<group>";
		};
		40ED409B18EAEAC50003B099 = {
			isa = PBXGroup;
			children = (
				40ED40AF18EAEAC50003B099 /* CannyWriter */,
				40ED40D518EAEAC50003B099 /* NotesTests */,
				40ED40A618EAEAC50003B099 /* Frameworks */,
				40ED40A518EAEAC50003B099 /* Products */,
				8095D929F23932B7B4CE781A /* Podfile */,
			);
			sourceTree = "<group>";
		};
		40ED40A518EAEAC50003B099 /* Products */ = {
			isa = PBXGroup;
			children = (
				40ED40A418EAEAC50003B099 /* CannyWriter.app */,
				40ED40CD18EAEAC50003B099 /* CannyWriterTests.xctest */,
			);
			name = Products;
			sourceTree = "<group>";
		};
		40ED40A618EAEAC50003B099 /* Frameworks */ = {
			isa = PBXGroup;
			children = (
				40AA1D001955DE1A00CC2277 /* MobileCoreServices.framework */,
				40ED40A718EAEAC50003B099 /* Foundation.framework */,
				40ED40A918EAEAC50003B099 /* CoreGraphics.framework */,
				40ED40AB18EAEAC50003B099 /* UIKit.framework */,
				40ED40AD18EAEAC50003B099 /* CoreData.framework */,
				40ED40CE18EAEAC50003B099 /* XCTest.framework */,
			);
			name = Frameworks;
			sourceTree = "<group>";
		};
		40ED40AF18EAEAC50003B099 /* CannyWriter */ = {
			isa = PBXGroup;
			children = (
				4013BBCF18EB3DCE00810653 /* Application */,
				4013BBCE18EB3DC100810653 /* ViewControllers */,
				4013BBCA18EB3D8000810653 /* Cells */,
				4013BBC618EB368200810653 /* 3rd-party */,
				4013BBC118EB00B800810653 /* ManagedObjects */,
				40ED40BB18EAEAC50003B099 /* Main.storyboard */,
				40F84D19194DE99700F1A672 /* Views.xib */,
				4058F39719019E0900AD7786 /* Images.xcassets */,
				40ED40BE18EAEAC50003B099 /* Notes.xcdatamodeld */,
				40ED40B018EAEAC50003B099 /* Supporting Files */,
				40F208C5191FEF9800B798FB /* Localizable.strings */,
				8095D643D1095F96B055B8A0 /* Utils */,
				148FA83E943194ABC78810A1 /* Controls */,
				8095D4F2474F183AF7193E67 /* RecordActivities */,
				8095D41C2A5F8B31C699B7CF /* Appearance */,
			);
			name = CannyWriter;
			path = Notes;
			sourceTree = "<group>";
		};
		40ED40B018EAEAC50003B099 /* Supporting Files */ = {
			isa = PBXGroup;
			children = (
				40ED40B118EAEAC50003B099 /* CannyWriter-Info.plist */,
				40ED40B518EAEAC50003B099 /* main.m */,
				40ED40B718EAEAC50003B099 /* Notes-Prefix.pch */,
			);
			name = "Supporting Files";
			sourceTree = "<group>";
		};
		40ED40D518EAEAC50003B099 /* NotesTests */ = {
			isa = PBXGroup;
			children = (
				40ED40DB18EAEAC50003B099 /* NotesTests.m */,
				40ED40D618EAEAC50003B099 /* Supporting Files */,
			);
			path = NotesTests;
			sourceTree = "<group>";
		};
		40ED40D618EAEAC50003B099 /* Supporting Files */ = {
			isa = PBXGroup;
			children = (
				40ED40D718EAEAC50003B099 /* CannyWriterTests-Info.plist */,
			);
			name = "Supporting Files";
			sourceTree = "<group>";
		};
		8095D2C68C304013D6DF4EFF /* DACircularProgress */ = {
			isa = PBXGroup;
			children = (
				8095D98482CB001FA93A4CEE /* DACircularProgressView.h */,
				8095D1CB5A3F5E8D4F552BAA /* DACircularProgressView.m */,
			);
			path = DACircularProgress;
			sourceTree = "<group>";
		};
		8095D41C2A5F8B31C699B7CF /* Appearance */ = {
			isa = PBXGroup;
			children = (
				8095DED47357B62EB351BD84 /* Appearance.h */,
				8095D513FC60DE21BE32811A /* Appearance.m */,
			);
			name = Appearance;
			sourceTree = "<group>";
		};
		8095D4F2474F183AF7193E67 /* RecordActivities */ = {
			isa = PBXGroup;
			children = (
				8095D1D7B11A2C3CB333CA33 /* CopyTextOnlyActivity.m */,
				8095D1DCCCF08F46688061B1 /* CopyTextOnlyActivity.h */,
				8095DABD7DF9F7236ABE71E2 /* CopyAllActivity.m */,
				8095DD2401CDF8350BD22C01 /* CopyAllActivity.h */,
			);
			name = RecordActivities;
			sourceTree = "<group>";
		};
		8095D5FDAC9DF551BC75B1BB /* SDWebImage */ = {
			isa = PBXGroup;
			children = (
				8095D5D64BAD05B163096722 /* LICENSE */,
				8095D37136789466431D352D /* README.md */,
				8095DA8DD38EF179D4FCDA03 /* SDWebImage */,
			);
			path = SDWebImage;
			sourceTree = "<group>";
		};
		8095D643D1095F96B055B8A0 /* Utils */ = {
			isa = PBXGroup;
			children = (
				8095D7597353DECEE5DB0D76 /* Preferences.m */,
				8095D4FF1B8064EFDAC816D8 /* Preferences.h */,
			);
			name = Utils;
			sourceTree = "<group>";
		};
		8095D6C87C8AF119AC9D48C1 /* Libraries */ = {
			isa = PBXGroup;
			children = (
				8095D5FDAC9DF551BC75B1BB /* SDWebImage */,
				8095DA865CB9D21F6D3E73E8 /* PSTCollectionView */,
				8095D2C68C304013D6DF4EFF /* DACircularProgress */,
			);
			path = Libraries;
			sourceTree = "<group>";
		};
		8095D91BD7B4D0839E33FB12 /* MWPhotoBrowser */ = {
			isa = PBXGroup;
			children = (
				8095D9E9F31F96027717B538 /* Classes */,
				8095D6C87C8AF119AC9D48C1 /* Libraries */,
				8095DCCD7058B35AFE2E06A1 /* MWPhotoBrowser.bundle */,
			);
			path = MWPhotoBrowser;
			sourceTree = "<group>";
		};
		8095D9E9F31F96027717B538 /* Classes */ = {
			isa = PBXGroup;
			children = (
				8095DE6F190B59FF640D6C3A /* MWPhoto.h */,
				8095D1B63A1A73D898B44878 /* MWPhoto.m */,
				8095D830B02F4942FC4E5D1E /* MWCommon.h */,
				8095DCD2EA9FEEB5F6DB30FD /* MWGridCell.h */,
				8095D69C90FD694FCFC4D372 /* MWGridCell.m */,
				8095D6405597268F00054E8D /* MWCaptionView.h */,
				8095D192647C1800CAF8E45C /* MWCaptionView.m */,
				8095DE9D9DDA42F7ADD9588D /* MWPhotoBrowser.h */,
				8095D4506C2E1472A9ECA15F /* MWPhotoBrowser.m */,
				8095D293560984DA0E14B2E8 /* MWPhotoProtocol.h */,
				8095D7FBCEF84F985D27009B /* MWTapDetectingView.h */,
				8095D1B299D8229BFF6C8CEE /* MWTapDetectingView.m */,
				8095D4E268C4811AC857903B /* MWZoomingScrollView.h */,
				8095D7B8E5040C680D881AA3 /* MWZoomingScrollView.m */,
				8095DDA88F14EF4EE4E50BD9 /* MWGridViewController.h */,
				8095D04D780DE1FE2992181E /* MWGridViewController.m */,
				8095D56F05E2767A2D51313A /* MWPhotoBrowserPrivate.h */,
				8095DF844243099E4977188E /* MWTapDetectingImageView.h */,
				8095DE579D69013336D168F3 /* MWTapDetectingImageView.m */,
			);
			path = Classes;
			sourceTree = "<group>";
		};
		8095DA865CB9D21F6D3E73E8 /* PSTCollectionView */ = {
			isa = PBXGroup;
			children = (
				8095DA136A62D39FEB1CF56A /* PSTGridLayoutRow.h */,
				8095D8D728D12AFF163CC7F9 /* PSTGridLayoutRow.m */,
				8095D71FD4AE1A15583063D6 /* PSTCollectionView.h */,
				8095D4815FB09F7D0E142693 /* PSTCollectionView.m */,
				8095D557ACD6C45DEE0592A6 /* PSTGridLayoutInfo.h */,
				8095D8DCE42A92EB01EFAE44 /* PSTGridLayoutInfo.m */,
				8095D06DC6725728E2E25331 /* PSTGridLayoutItem.h */,
				8095DBDEBE6DF48FEE8C1ED0 /* PSTGridLayoutItem.m */,
				8095D641D20D3CC2317E0C66 /* PSTGridLayoutSection.h */,
				8095D657D04A2A9C8E14FF4E /* PSTGridLayoutSection.m */,
				8095DA20766764DD0919ACB1 /* PSTCollectionViewCell.h */,
				8095D682FC3A0F46DC9B0781 /* PSTCollectionViewCell.m */,
				8095D3AE32CBD937B349A1D0 /* PSTCollectionViewData.h */,
				8095D0B04AF28C7F6B6F95A9 /* PSTCollectionViewData.m */,
				8095D2232A453BE14017461A /* PSTCollectionViewCommon.h */,
				8095D885D57BAAEAA6C6F5D8 /* PSTCollectionViewLayout.h */,
				8095DFFD62D4D12AA5768558 /* PSTCollectionViewLayout.m */,
				8095D18FDA0475F2C71536EF /* PSTCollectionViewItemKey.h */,
				8095DF161F67F7E5E19F0CC2 /* PSTCollectionViewItemKey.m */,
				8095D1C55E3971EA5F1533B9 /* PSTCollectionViewController.h */,
				8095D9283A4B053BB9C59728 /* PSTCollectionViewController.m */,
				8095D480C50E92C81D71EF9A /* PSTCollectionViewFlowLayout.h */,
				8095D44E0CEE341C2145527C /* PSTCollectionViewFlowLayout.m */,
				8095D05CF772AB255AC688F6 /* PSTCollectionViewUpdateItem.h */,
				8095D071DDAD92C9BABAAEEC /* PSTCollectionViewUpdateItem.m */,
				8095D006B202DC8F4D95301B /* PSTCollectionViewLayout+Internals.h */,
				8095D8AF095B3B85C1B3F7CD /* NSIndexPath+PSTCollectionViewAdditions.h */,
				8095D77BA3BE00E6710524BF /* NSIndexPath+PSTCollectionViewAdditions.m */,
			);
			path = PSTCollectionView;
			sourceTree = "<group>";
		};
		8095DA8DD38EF179D4FCDA03 /* SDWebImage */ = {
			isa = PBXGroup;
			children = (
				8095D869C3A8F780ACEE58EA /* NSData+GIF.h */,
				8095DFAA8DC3F906E3DB450E /* NSData+GIF.m */,
				8095D4B558C18B77F7425EE9 /* UIImage+GIF.h */,
				8095D81BC78766DE99076C9A /* UIImage+GIF.m */,
				8095D93770E6BD745170226C /* SDImageCache.h */,
				8095D31B55D20F29D7BFCF98 /* SDImageCache.m */,
				8095DC11637D6E7CF3A046CD /* UIImage+WebP.h */,
				8095D0316D7A37549CCCB473 /* UIImage+WebP.m */,
				8095DD1E52AA291DCB1F1E67 /* SDWebImageCompat.h */,
				8095DB9FFC5C11DACE943150 /* SDWebImageCompat.m */,
				8095DEA66407DE88C8AC45FB /* SDWebImageDecoder.h */,
				8095D3A22D1902E916C10A5A /* SDWebImageDecoder.m */,
				8095D61E1CF6B087457A7175 /* SDWebImageManager.h */,
				8095DBB9F3923456A725980F /* SDWebImageManager.m */,
				8095D091D16793F61E3C12B3 /* UIButton+WebCache.h */,
				8095DA90DCDB3BBAC77286D6 /* UIButton+WebCache.m */,
				8095DA347EFF2AF887F5587E /* SDWebImageOperation.h */,
				8095D0207747CB7672990794 /* UIImage+MultiFormat.h */,
				8095DB447B3C3AD21787E42D /* UIImage+MultiFormat.m */,
				8095D56796F03914721CE388 /* SDWebImageDownloader.h */,
				8095D9B4A124239EC74F983C /* SDWebImageDownloader.m */,
				8095D059A9F56604AFF08B40 /* SDWebImagePrefetcher.h */,
				8095D604BE5F432E8B42680E /* SDWebImagePrefetcher.m */,
				8095DA0362E3F192042CDD4E /* UIImageView+WebCache.h */,
				8095DA8DD8D211116FB71AF4 /* UIImageView+WebCache.m */,
				8095D2B1B004A8F976503E80 /* NSData+ImageContentType.h */,
				8095DEEB81AD84814B02F38E /* NSData+ImageContentType.m */,
				8095DFAB11CD2DDB8634A5C1 /* MKAnnotationView+WebCache.h */,
				8095D6201D0B35E4984AC53F /* MKAnnotationView+WebCache.m */,
				8095DF55F48DED7135095D29 /* SDWebImageDownloaderOperation.h */,
				8095D3A6264544BDA0F78A3E /* SDWebImageDownloaderOperation.m */,
			);
			path = SDWebImage;
			sourceTree = "<group>";
		};
		8095DAE56F9706045054A957 /* images */ = {
			isa = PBXGroup;
			children = (
				8095DE99FFCCD85FA8915ABE /* Checkmark.png */,
				8095D02D9C74E3C6FB496950 /* ImageError.png */,
				8095D977907868B48A695B50 /* Checkmark@2x.png */,
				8095DF0C823E8770197E9BF1 /* ImageError@2x.png */,
				8095D15F1D90666BC1A6E1A7 /* ImageSelectedOn.png */,
				8095DFE3F039BFCFAC0F0425 /* ImageSelectedOff.png */,
				8095D211FB08806289942E54 /* ImageSelectedOn@2x.png */,
				8095DD67704964786F854916 /* ImageSelectedOff@2x.png */,
				8095D24C41159A1503B99F4E /* UIBarButtonItemGrid.png */,
				8095D79D31A9C7F592D6BA50 /* ImageSelectedSmallOn.png */,
				8095D35C47394614B96EAE04 /* ImageSelectedSmallOff.png */,
				8095DCEBA89F0BA995B227BD /* UIBarButtonItemGrid@2x.png */,
				8095D5B92D8084EBC5751798 /* ImageSelectedSmallOn@2x.png */,
				8095D373DCAB8DE433FCAC67 /* UIBarButtonItemGridiOS6.png */,
				8095DFC7DFE88D595C94BEF7 /* ImageSelectedSmallOff@2x.png */,
				8095D25926C9A801B75AC177 /* UIBarButtonItemArrowLeft.png */,
				8095D1014A0E7492005C9521 /* UIBarButtonItemArrowRight.png */,
				8095DB564964834B2169974A /* UIBarButtonItemGridiOS6@2x.png */,
				8095D1B9325B6571C8B11FD3 /* UIBarButtonItemArrowLeft@2x.png */,
				8095D0202E1AC94687D5EBBC /* UIBarButtonItemArrowRight@2x.png */,
				8095DFC3FAD7213AA655DFC7 /* UIBarButtonItemArrowOutlineLeft.png */,
				8095D7944D55DFF2C3614041 /* UIBarButtonItemArrowOutlineRight.png */,
				8095D3E466CB96FAF859299C /* UIBarButtonItemArrowOutlineLeft@2x.png */,
				8095D5B677DC64AB76799DA3 /* UIBarButtonItemArrowOutlineRight@2x.png */,
			);
			path = images;
			sourceTree = "<group>";
		};
		8095DCCD7058B35AFE2E06A1 /* MWPhotoBrowser.bundle */ = {
			isa = PBXGroup;
			children = (
				8095DAE56F9706045054A957 /* images */,
			);
			path = MWPhotoBrowser.bundle;
			sourceTree = "<group>";
		};
/* End PBXGroup section */

/* Begin PBXNativeTarget section */
		40ED40A318EAEAC50003B099 /* CannyWriter */ = {
			isa = PBXNativeTarget;
			buildConfigurationList = 40ED40DF18EAEAC50003B099 /* Build configuration list for PBXNativeTarget "CannyWriter" */;
			buildPhases = (
				40ED40A018EAEAC50003B099 /* Sources */,
				40ED40A118EAEAC50003B099 /* Frameworks */,
				40ED40A218EAEAC50003B099 /* Resources */,
			);
			buildRules = (
			);
			dependencies = (
			);
			name = CannyWriter;
			productName = Notes;
			productReference = 40ED40A418EAEAC50003B099 /* CannyWriter.app */;
			productType = "com.apple.product-type.application";
		};
		40ED40CC18EAEAC50003B099 /* CannyWriterTests */ = {
			isa = PBXNativeTarget;
			buildConfigurationList = 40ED40E218EAEAC50003B099 /* Build configuration list for PBXNativeTarget "CannyWriterTests" */;
			buildPhases = (
				40ED40C918EAEAC50003B099 /* Sources */,
				40ED40CA18EAEAC50003B099 /* Frameworks */,
				40ED40CB18EAEAC50003B099 /* Resources */,
			);
			buildRules = (
			);
			dependencies = (
				40ED40D418EAEAC50003B099 /* PBXTargetDependency */,
			);
			name = CannyWriterTests;
			productName = NotesTests;
			productReference = 40ED40CD18EAEAC50003B099 /* CannyWriterTests.xctest */;
			productType = "com.apple.product-type.bundle.unit-test";
		};
/* End PBXNativeTarget section */

/* Begin PBXProject section */
		40ED409C18EAEAC50003B099 /* Project object */ = {
			isa = PBXProject;
			attributes = {
				LastUpgradeCheck = 0510;
				ORGANIZATIONNAME = "Евгений Сафронов";
				TargetAttributes = {
					40ED40A318EAEAC50003B099 = {
						DevelopmentTeam = C8EH56CX24;
					};
					40ED40CC18EAEAC50003B099 = {
						TestTargetID = 40ED40A318EAEAC50003B099;
					};
				};
			};
			buildConfigurationList = 40ED409F18EAEAC50003B099 /* Build configuration list for PBXProject "CannyWriter" */;
			compatibilityVersion = "Xcode 3.2";
			developmentRegion = English;
			hasScannedForEncodings = 0;
			knownRegions = (
				en,
				Base,
				ru,
			);
			mainGroup = 40ED409B18EAEAC50003B099;
			productRefGroup = 40ED40A518EAEAC50003B099 /* Products */;
			projectDirPath = "";
			projectRoot = "";
			targets = (
				40ED40A318EAEAC50003B099 /* CannyWriter */,
				40ED40CC18EAEAC50003B099 /* CannyWriterTests */,
			);
		};
/* End PBXProject section */

/* Begin PBXResourcesBuildPhase section */
		40ED40A218EAEAC50003B099 /* Resources */ = {
			isa = PBXResourcesBuildPhase;
			buildActionMask = 2147483647;
			files = (
				4058F39819019E0900AD7786 /* Images.xcassets in Resources */,
				40ED40BD18EAEAC50003B099 /* Main.storyboard in Resources */,
				8095D4829F4C2FACCCE35027 /* Podfile in Resources */,
				40F208C3191FEF9800B798FB /* Localizable.strings in Resources */,
				8095DB3D8242BAEC69A0568A /* LICENSE in Resources */,
				8095D595F66961C0659F785E /* README.md in Resources */,
				8095D40ECC41002F569CA68C /* Checkmark.png in Resources */,
				8095D419CDB9CF153EF38E0E /* ImageError.png in Resources */,
				8095D0CB3C49EA5B983FFE85 /* Checkmark@2x.png in Resources */,
				8095D9D026C8FCE33E6AC166 /* ImageError@2x.png in Resources */,
				8095D406C04783C14C1C443C /* ImageSelectedOn.png in Resources */,
				8095DB0017F4D8ECA893C37C /* ImageSelectedOff.png in Resources */,
				8095D05E9236CDEB34FC97E7 /* ImageSelectedOn@2x.png in Resources */,
				8095DACEEBBD3CF6B6FC18E8 /* ImageSelectedOff@2x.png in Resources */,
				8095D8856B82FACE0AA90693 /* UIBarButtonItemGrid.png in Resources */,
				8095D0C04BFF2DF0F2FE608D /* ImageSelectedSmallOn.png in Resources */,
				40F84D1A194DE99700F1A672 /* Views.xib in Resources */,
				8095D28E5C8339D30BBC5C30 /* ImageSelectedSmallOff.png in Resources */,
				8095DF69D7B0499E67CF7FE8 /* UIBarButtonItemGrid@2x.png in Resources */,
				8095D589C88100D864A7C400 /* ImageSelectedSmallOn@2x.png in Resources */,
				8095DF52C910D72F7318C175 /* UIBarButtonItemGridiOS6.png in Resources */,
				8095D850460F9E6756732950 /* ImageSelectedSmallOff@2x.png in Resources */,
				8095D681F7F76CA400E1EE1E /* UIBarButtonItemArrowLeft.png in Resources */,
				8095DB348DA2BC03E11565A6 /* UIBarButtonItemArrowRight.png in Resources */,
				8095DDB1CA20DD7302C6CB86 /* UIBarButtonItemGridiOS6@2x.png in Resources */,
				8095DCA61F3FDB872E177FC8 /* UIBarButtonItemArrowLeft@2x.png in Resources */,
				8095DA1655355482CF442B9D /* UIBarButtonItemArrowRight@2x.png in Resources */,
				8095DA00A122643B4591442F /* UIBarButtonItemArrowOutlineLeft.png in Resources */,
				8095DB9C76CC55BEA298B2F1 /* UIBarButtonItemArrowOutlineRight.png in Resources */,
				8095DC38FFBCE9B44BE272D5 /* UIBarButtonItemArrowOutlineLeft@2x.png in Resources */,
				8095D8AEC62DE27C87B7B6B3 /* UIBarButtonItemArrowOutlineRight@2x.png in Resources */,
			);
			runOnlyForDeploymentPostprocessing = 0;
		};
		40ED40CB18EAEAC50003B099 /* Resources */ = {
			isa = PBXResourcesBuildPhase;
			buildActionMask = 2147483647;
			files = (
			);
			runOnlyForDeploymentPostprocessing = 0;
		};
/* End PBXResourcesBuildPhase section */

/* Begin PBXSourcesBuildPhase section */
		40ED40A018EAEAC50003B099 /* Sources */ = {
			isa = PBXSourcesBuildPhase;
			buildActionMask = 2147483647;
			files = (
				DB0F3FFF18FFB8730064EC67 /* NSString+WordCount.m in Sources */,
				4004BA4718ED8CD100E98D9F /* HistoryPageContentController.m in Sources */,
				4013BBC918EB36C500810653 /* NSDate-Utilities.m in Sources */,
				4013BBCD18EB3DB900810653 /* RecordsItemCell.m in Sources */,
				4049019C18EBBDF9000B1968 /* RecordsItemCellNoTitle.m in Sources */,
				4013BBBA18EB00A800810653 /* Photo.m in Sources */,
				40ED40C618EAEAC50003B099 /* RecordPreviewController.m in Sources */,
				4013BBBD18EB00A800810653 /* Record.m in Sources */,
				40DE4E5F192132260044A5EC /* RecordTextEditorController.m in Sources */,
				40ED40C318EAEAC50003B099 /* RecordsController.m in Sources */,
				40ED40C018EAEAC50003B099 /* Notes.xcdatamodeld in Sources */,
				4013BBC018EB00A900810653 /* History.m in Sources */,
				40ED40B618EAEAC50003B099 /* main.m in Sources */,
				4004944A18ED55A0000DC4B5 /* HistoryController.m in Sources */,
				40DE4E62192145BB0044A5EC /* RecordSearchController.m in Sources */,
				8095DBF4FDDB138EEA2CB5F2 /* AppDelegate.m in Sources */,
				407517021913534B005E181F /* VKontakteActivity.m in Sources */,
				8095DE7399AAE65989B04E80 /* Preferences.m in Sources */,
				148FA04216916A511DDA3083 /* TextView.m in Sources */,
				40A406091930DC2B009CBA3A /* PhotosCollectionCell.m in Sources */,
				148FA21799F07CF24D72AE32 /* KeyboardLettersExtension.m in Sources */,
				148FAEFC823685FA773F3FE3 /* KeyboardSearchExtension.m in Sources */,
				148FAEBB21CD41700514C553 /* TextViewAppearancePopoverViewController.m in Sources */,
				8095DAE98A60903F2336977E /* UIImage+Resize.m in Sources */,
				8095D170718A1E1491410AB5 /* MWPhoto.m in Sources */,
				8095D12B2060433FC6DC6E8B /* MWGridCell.m in Sources */,
				8095DABEF4FB9F023C406200 /* MWCaptionView.m in Sources */,
				8095DCA422F8498FFFBB571C /* MWPhotoBrowser.m in Sources */,
				8095D465BF32A3C3DFD9B08E /* MWTapDetectingView.m in Sources */,
				8095DE3EE6A13766B9692CEA /* MWZoomingScrollView.m in Sources */,
				8095D7545C9641C2BA0D0E34 /* MWGridViewController.m in Sources */,
				8095DB9C79F663C2817534F8 /* MWTapDetectingImageView.m in Sources */,
				8095D8C3370D435299B878D5 /* NSData+GIF.m in Sources */,
				8095D8E9F5BA4E07FF52FD85 /* UIImage+GIF.m in Sources */,
				8095DF24C62CD178F00436A0 /* SDImageCache.m in Sources */,
				8095D019B13EE7BA39A4B5F7 /* UIImage+WebP.m in Sources */,
				8095D8FDC1D804720EFBD909 /* SDWebImageCompat.m in Sources */,
				8095D5182769930AAE7E50DB /* SDWebImageDecoder.m in Sources */,
				8095D17260EBB917C7B53977 /* SDWebImageManager.m in Sources */,
				8095DED60CD92BE705C3DB09 /* UIButton+WebCache.m in Sources */,
				8095D606BE4CFEEBCC8E9FFD /* UIImage+MultiFormat.m in Sources */,
				8095DB35113B7A7CC05C574A /* SDWebImageDownloader.m in Sources */,
				8095D4CF5907B86F1602C410 /* SDWebImagePrefetcher.m in Sources */,
				8095D0B68F9F189BFF7FECA6 /* UIImageView+WebCache.m in Sources */,
				8095DB498837A270A1BFF0C5 /* NSData+ImageContentType.m in Sources */,
				8095D1795940B61781285FB9 /* MKAnnotationView+WebCache.m in Sources */,
				8095D5E297E849341EED269B /* SDWebImageDownloaderOperation.m in Sources */,
				8095D46858166D114298D684 /* PSTGridLayoutRow.m in Sources */,
				8095D6272896827A4DB0CBAB /* PSTCollectionView.m in Sources */,
				8095DC69741AE17F4689B834 /* PSTGridLayoutInfo.m in Sources */,
				8095DA9A0C29FD565F3AD829 /* PSTGridLayoutItem.m in Sources */,
				8095D2368AE4739024673F1E /* PSTGridLayoutSection.m in Sources */,
				8095D4F73068536380AA6F3B /* PSTCollectionViewCell.m in Sources */,
				8095DF2F03031C1F8CB0A7DF /* PSTCollectionViewData.m in Sources */,
				8095D3CDBFBEC593EEE6E676 /* PSTCollectionViewLayout.m in Sources */,
				8095DE29E576EA9F19611347 /* PSTCollectionViewItemKey.m in Sources */,
				8095D95F7BD02D69DAC278D6 /* PSTCollectionViewController.m in Sources */,
				8095D14434B383F4B5655EF2 /* PSTCollectionViewFlowLayout.m in Sources */,
				8095DE66F58A634E95072A79 /* PSTCollectionViewUpdateItem.m in Sources */,
				8095D5AFA14109ACB4CA81F4 /* NSIndexPath+PSTCollectionViewAdditions.m in Sources */,
				8095D7840A186368C1BC99DC /* DACircularProgressView.m in Sources */,
				8095D29840C036C657C05740 /* CopyTextOnlyActivity.m in Sources */,
				8095D214B33847E9C78A1FD7 /* CopyAllActivity.m in Sources */,
				8095D9D002A60378BC91FB05 /* Appearance.m in Sources */,
			);
			runOnlyForDeploymentPostprocessing = 0;
		};
		40ED40C918EAEAC50003B099 /* Sources */ = {
			isa = PBXSourcesBuildPhase;
			buildActionMask = 2147483647;
			files = (
				40ED40DC18EAEAC50003B099 /* NotesTests.m in Sources */,
			);
			runOnlyForDeploymentPostprocessing = 0;
		};
/* End PBXSourcesBuildPhase section */

/* Begin PBXTargetDependency section */
		40ED40D418EAEAC50003B099 /* PBXTargetDependency */ = {
			isa = PBXTargetDependency;
			target = 40ED40A318EAEAC50003B099 /* CannyWriter */;
			targetProxy = 40ED40D318EAEAC50003B099 /* PBXContainerItemProxy */;
		};
/* End PBXTargetDependency section */

/* Begin PBXVariantGroup section */
		40ED40BB18EAEAC50003B099 /* Main.storyboard */ = {
			isa = PBXVariantGroup;
			children = (
				40ED40BC18EAEAC50003B099 /* Base */,
				40F208C1191FE3CF00B798FB /* ru */,
				40F208C2191FE3D400B798FB /* en */,
			);
			name = Main.storyboard;
			sourceTree = "<group>";
		};
		40F208C5191FEF9800B798FB /* Localizable.strings */ = {
			isa = PBXVariantGroup;
			children = (
				40F208C4191FEF9800B798FB /* Base */,
				40F208C6191FEF9D00B798FB /* ru */,
				40F208C7191FEF9E00B798FB /* en */,
			);
			name = Localizable.strings;
			sourceTree = "<group>";
		};
/* End PBXVariantGroup section */

/* Begin XCBuildConfiguration section */
		40ED40DD18EAEAC50003B099 /* Debug */ = {
			isa = XCBuildConfiguration;
			buildSettings = {
				ALWAYS_SEARCH_USER_PATHS = NO;
				CLANG_CXX_LANGUAGE_STANDARD = "gnu++0x";
				CLANG_CXX_LIBRARY = "libc++";
				CLANG_ENABLE_MODULES = YES;
				CLANG_ENABLE_OBJC_ARC = YES;
				CLANG_WARN_BOOL_CONVERSION = YES;
				CLANG_WARN_CONSTANT_CONVERSION = YES;
				CLANG_WARN_DIRECT_OBJC_ISA_USAGE = YES_ERROR;
				CLANG_WARN_EMPTY_BODY = YES;
				CLANG_WARN_ENUM_CONVERSION = YES;
				CLANG_WARN_INT_CONVERSION = YES;
				CLANG_WARN_OBJC_ROOT_CLASS = YES_ERROR;
				CLANG_WARN__DUPLICATE_METHOD_MATCH = YES;
				"CODE_SIGN_IDENTITY[sdk=iphoneos*]" = "iPhone Developer";
				COPY_PHASE_STRIP = NO;
				GCC_C_LANGUAGE_STANDARD = gnu99;
				GCC_DYNAMIC_NO_PIC = NO;
				GCC_OPTIMIZATION_LEVEL = 0;
				GCC_PREPROCESSOR_DEFINITIONS = (
					"DEBUG=1",
					"$(inherited)",
				);
				GCC_SYMBOLS_PRIVATE_EXTERN = NO;
				GCC_WARN_64_TO_32_BIT_CONVERSION = YES;
				GCC_WARN_ABOUT_RETURN_TYPE = YES_ERROR;
				GCC_WARN_UNDECLARED_SELECTOR = YES;
				GCC_WARN_UNINITIALIZED_AUTOS = YES;
				GCC_WARN_UNUSED_FUNCTION = YES;
				GCC_WARN_UNUSED_VARIABLE = YES;
				IPHONEOS_DEPLOYMENT_TARGET = 6.1;
				ONLY_ACTIVE_ARCH = YES;
				SDKROOT = iphoneos;
			};
			name = Debug;
		};
		40ED40DE18EAEAC50003B099 /* Release */ = {
			isa = XCBuildConfiguration;
			buildSettings = {
				ALWAYS_SEARCH_USER_PATHS = NO;
				CLANG_CXX_LANGUAGE_STANDARD = "gnu++0x";
				CLANG_CXX_LIBRARY = "libc++";
				CLANG_ENABLE_MODULES = YES;
				CLANG_ENABLE_OBJC_ARC = YES;
				CLANG_WARN_BOOL_CONVERSION = YES;
				CLANG_WARN_CONSTANT_CONVERSION = YES;
				CLANG_WARN_DIRECT_OBJC_ISA_USAGE = YES_ERROR;
				CLANG_WARN_EMPTY_BODY = YES;
				CLANG_WARN_ENUM_CONVERSION = YES;
				CLANG_WARN_INT_CONVERSION = YES;
				CLANG_WARN_OBJC_ROOT_CLASS = YES_ERROR;
				CLANG_WARN__DUPLICATE_METHOD_MATCH = YES;
				"CODE_SIGN_IDENTITY[sdk=iphoneos*]" = "iPhone Developer";
				COPY_PHASE_STRIP = YES;
				ENABLE_NS_ASSERTIONS = NO;
				GCC_C_LANGUAGE_STANDARD = gnu99;
				GCC_WARN_64_TO_32_BIT_CONVERSION = YES;
				GCC_WARN_ABOUT_RETURN_TYPE = YES_ERROR;
				GCC_WARN_UNDECLARED_SELECTOR = YES;
				GCC_WARN_UNINITIALIZED_AUTOS = YES;
				GCC_WARN_UNUSED_FUNCTION = YES;
				GCC_WARN_UNUSED_VARIABLE = YES;
				IPHONEOS_DEPLOYMENT_TARGET = 6.1;
				SDKROOT = iphoneos;
				VALIDATE_PRODUCT = YES;
			};
			name = Release;
		};
		40ED40E018EAEAC50003B099 /* Debug */ = {
			isa = XCBuildConfiguration;
			buildSettings = {
				ASSETCATALOG_COMPILER_APPICON_NAME = AppIcon;
				ASSETCATALOG_COMPILER_LAUNCHIMAGE_NAME = LaunchImage;
				CODE_SIGN_IDENTITY = "iPhone Developer";
				GCC_PRECOMPILE_PREFIX_HEADER = YES;
				GCC_PREFIX_HEADER = "Notes/CannyWriter-Prefix.pch";
				INFOPLIST_FILE = "Notes/CannyWriter-Info.plist";
				IPHONEOS_DEPLOYMENT_TARGET = 6.1;
				LIBRARY_SEARCH_PATHS = "$(inherited)";
				PRODUCT_NAME = CannyWriter;
				WRAPPER_EXTENSION = app;
			};
			name = Debug;
		};
		40ED40E118EAEAC50003B099 /* Release */ = {
			isa = XCBuildConfiguration;
			buildSettings = {
				ASSETCATALOG_COMPILER_APPICON_NAME = AppIcon;
				ASSETCATALOG_COMPILER_LAUNCHIMAGE_NAME = LaunchImage;
				CODE_SIGN_IDENTITY = "iPhone Developer";
				GCC_PRECOMPILE_PREFIX_HEADER = YES;
				GCC_PREFIX_HEADER = "Notes/CannyWriter-Prefix.pch";
				INFOPLIST_FILE = "Notes/CannyWriter-Info.plist";
				IPHONEOS_DEPLOYMENT_TARGET = 6.1;
				LIBRARY_SEARCH_PATHS = "$(inherited)";
				PRODUCT_NAME = CannyWriter;
				WRAPPER_EXTENSION = app;
			};
			name = Release;
		};
		40ED40E318EAEAC50003B099 /* Debug */ = {
			isa = XCBuildConfiguration;
			buildSettings = {
				BUNDLE_LOADER = "$(BUILT_PRODUCTS_DIR)/Notes.app/Notes";
				FRAMEWORK_SEARCH_PATHS = (
					"$(SDKROOT)/Developer/Library/Frameworks",
					"$(inherited)",
					"$(DEVELOPER_FRAMEWORKS_DIR)",
				);
				GCC_PRECOMPILE_PREFIX_HEADER = YES;
				GCC_PREFIX_HEADER = "Notes/Notes-Prefix.pch";
				GCC_PREPROCESSOR_DEFINITIONS = (
					"DEBUG=1",
					"$(inherited)",
				);
				INFOPLIST_FILE = "NotesTests/CannyWriterTests-Info.plist";
				PRODUCT_NAME = CannyWriterTests;
				TEST_HOST = "$(BUNDLE_LOADER)";
				WRAPPER_EXTENSION = xctest;
			};
			name = Debug;
		};
		40ED40E418EAEAC50003B099 /* Release */ = {
			isa = XCBuildConfiguration;
			buildSettings = {
				BUNDLE_LOADER = "$(BUILT_PRODUCTS_DIR)/Notes.app/Notes";
				FRAMEWORK_SEARCH_PATHS = (
					"$(SDKROOT)/Developer/Library/Frameworks",
					"$(inherited)",
					"$(DEVELOPER_FRAMEWORKS_DIR)",
				);
				GCC_PRECOMPILE_PREFIX_HEADER = YES;
				GCC_PREFIX_HEADER = "Notes/Notes-Prefix.pch";
				INFOPLIST_FILE = "NotesTests/CannyWriterTests-Info.plist";
				PRODUCT_NAME = CannyWriterTests;
				TEST_HOST = "$(BUNDLE_LOADER)";
				WRAPPER_EXTENSION = xctest;
			};
			name = Release;
		};
/* End XCBuildConfiguration section */

/* Begin XCConfigurationList section */
		40ED409F18EAEAC50003B099 /* Build configuration list for PBXProject "CannyWriter" */ = {
			isa = XCConfigurationList;
			buildConfigurations = (
				40ED40DD18EAEAC50003B099 /* Debug */,
				40ED40DE18EAEAC50003B099 /* Release */,
			);
			defaultConfigurationIsVisible = 0;
			defaultConfigurationName = Release;
		};
		40ED40DF18EAEAC50003B099 /* Build configuration list for PBXNativeTarget "CannyWriter" */ = {
			isa = XCConfigurationList;
			buildConfigurations = (
				40ED40E018EAEAC50003B099 /* Debug */,
				40ED40E118EAEAC50003B099 /* Release */,
			);
			defaultConfigurationIsVisible = 0;
			defaultConfigurationName = Release;
		};
		40ED40E218EAEAC50003B099 /* Build configuration list for PBXNativeTarget "CannyWriterTests" */ = {
			isa = XCConfigurationList;
			buildConfigurations = (
				40ED40E318EAEAC50003B099 /* Debug */,
				40ED40E418EAEAC50003B099 /* Release */,
			);
			defaultConfigurationIsVisible = 0;
			defaultConfigurationName = Release;
		};
/* End XCConfigurationList section */

/* Begin XCVersionGroup section */
		40ED40BE18EAEAC50003B099 /* Notes.xcdatamodeld */ = {
			isa = XCVersionGroup;
			children = (
				40F56C5D1931061A006DB460 /* Notes 2.xcdatamodel */,
				40ED40BF18EAEAC50003B099 /* Notes.xcdatamodel */,
			);
			currentVersion = 40F56C5D1931061A006DB460 /* Notes 2.xcdatamodel */;
			path = Notes.xcdatamodeld;
			sourceTree = "<group>";
			versionGroupType = wrapper.xcdatamodel;
		};
/* End XCVersionGroup section */
	};
	rootObject = 40ED409C18EAEAC50003B099 /* Project object */;
}
